// !$*UTF8*$!
{
	archiveVersion = 1;
	classes = {
	};
	objectVersion = 46;
	objects = {

/* Begin PBXBuildFile section */
		082424C11E99040E005EE80E /* ColorSpaces.swift in Sources */ = {isa = PBXBuildFile; fileRef = 082424C01E99040E005EE80E /* ColorSpaces.swift */; };
		082424C31E992AA7005EE80E /* ColorSpaceTests.swift in Sources */ = {isa = PBXBuildFile; fileRef = 082424C21E992AA7005EE80E /* ColorSpaceTests.swift */; };
		082424C51E997FAF005EE80E /* KDTree.swift in Sources */ = {isa = PBXBuildFile; fileRef = 082424C41E997FAF005EE80E /* KDTree.swift */; };
		082424C71E99A52C005EE80E /* KDTreeTestes.swift in Sources */ = {isa = PBXBuildFile; fileRef = 082424C61E99A52C005EE80E /* KDTreeTestes.swift */; };
		082424C91E9A4F41005EE80E /* ColorExtractor.swift in Sources */ = {isa = PBXBuildFile; fileRef = 082424C81E9A4F41005EE80E /* ColorExtractor.swift */; };
		082424CB1E9A9F69005EE80E /* ImageSamplingTests.swift in Sources */ = {isa = PBXBuildFile; fileRef = 082424CA1E9A9F69005EE80E /* ImageSamplingTests.swift */; };
		082B72AF1E589A74006815D2 /* NetworkingManager.swift in Sources */ = {isa = PBXBuildFile; fileRef = 082B72AE1E589A74006815D2 /* NetworkingManager.swift */; };
		082B72B31E59C028006815D2 /* FlickrService.swift in Sources */ = {isa = PBXBuildFile; fileRef = 082B72B21E59C028006815D2 /* FlickrService.swift */; };
		082B72B51E59DD4A006815D2 /* FlickrServiceTests.swift in Sources */ = {isa = PBXBuildFile; fileRef = 082B72B41E59DD4A006815D2 /* FlickrServiceTests.swift */; };
		082B72B71E59E117006815D2 /* FlickrServiceSpec.swift in Sources */ = {isa = PBXBuildFile; fileRef = 082B72B61E59E117006815D2 /* FlickrServiceSpec.swift */; };
		0832048C1E21982A0025F5FE /* SwatchCollectionCell.swift in Sources */ = {isa = PBXBuildFile; fileRef = 0832048B1E21982A0025F5FE /* SwatchCollectionCell.swift */; };
		084522711E5E315C008EE06B /* utils.swift in Sources */ = {isa = PBXBuildFile; fileRef = 084522701E5E315C008EE06B /* utils.swift */; };
		084522731E5E31B7008EE06B /* DataSourceTests.swift in Sources */ = {isa = PBXBuildFile; fileRef = 084522721E5E31B7008EE06B /* DataSourceTests.swift */; };
		084522751E5E352D008EE06B /* CoreDataAssertMergeTests.swift in Sources */ = {isa = PBXBuildFile; fileRef = 084522741E5E352D008EE06B /* CoreDataAssertMergeTests.swift */; };
		0845F1811E625A0000B43C99 /* testData_flickr_latest.json in Resources */ = {isa = PBXBuildFile; fileRef = 0845F1801E625A0000B43C99 /* testData_flickr_latest.json */; };
		0845F1851E66279700B43C99 /* RootViewControllerDelegate.swift in Sources */ = {isa = PBXBuildFile; fileRef = 0845F1841E66279700B43C99 /* RootViewControllerDelegate.swift */; };
		0845F1871E66288C00B43C99 /* RootViewController.swift in Sources */ = {isa = PBXBuildFile; fileRef = 0845F1861E66288C00B43C99 /* RootViewController.swift */; };
		084E6BBC1E8DB2B900B10EA5 /* SwinjectFactoryTests.swift in Sources */ = {isa = PBXBuildFile; fileRef = 084E6BBB1E8DB2B900B10EA5 /* SwinjectFactoryTests.swift */; };
		084E6BBE1E8DB4C800B10EA5 /* PaletteFavouriteTests.swift in Sources */ = {isa = PBXBuildFile; fileRef = 084E6BBD1E8DB4C800B10EA5 /* PaletteFavouriteTests.swift */; };
		0853EBDD1EBA5E9D00EFA5AC /* CoreDataUtils.swift in Sources */ = {isa = PBXBuildFile; fileRef = 0853EBD81EBA5E9D00EFA5AC /* CoreDataUtils.swift */; };
		0853EBDE1EBA5E9D00EFA5AC /* CDSSelectionSet.swift in Sources */ = {isa = PBXBuildFile; fileRef = 0853EBD91EBA5E9D00EFA5AC /* CDSSelectionSet.swift */; };
		0853EBDF1EBA5E9E00EFA5AC /* CDSImageSource.swift in Sources */ = {isa = PBXBuildFile; fileRef = 0853EBDA1EBA5E9D00EFA5AC /* CDSImageSource.swift */; };
		0853EBE01EBA5E9E00EFA5AC /* CDSColorPalette.swift in Sources */ = {isa = PBXBuildFile; fileRef = 0853EBDB1EBA5E9D00EFA5AC /* CDSColorPalette.swift */; };
		0853EBE11EBA5E9E00EFA5AC /* CDSColor.swift in Sources */ = {isa = PBXBuildFile; fileRef = 0853EBDC1EBA5E9D00EFA5AC /* CDSColor.swift */; };
		0853EBE71EBBC02F00EFA5AC /* CDSSelectionSetTests.swift in Sources */ = {isa = PBXBuildFile; fileRef = 0853EBE61EBBC02F00EFA5AC /* CDSSelectionSetTests.swift */; };
		086116DE1F06D170008281CB /* DataSourceFilter.swift in Sources */ = {isa = PBXBuildFile; fileRef = 086116DD1F06D170008281CB /* DataSourceFilter.swift */; };
		086116E01F06D1D9008281CB /* DataSourceObserver.swift in Sources */ = {isa = PBXBuildFile; fileRef = 086116DF1F06D1D9008281CB /* DataSourceObserver.swift */; };
		086116E81F09447A008281CB /* PaletteTableViewController+TableViewDelegate.swift in Sources */ = {isa = PBXBuildFile; fileRef = 086116E71F09447A008281CB /* PaletteTableViewController+TableViewDelegate.swift */; };
		086116EC1F094684008281CB /* RootViewController+UIImagePickerControllerDelegate.swift in Sources */ = {isa = PBXBuildFile; fileRef = 086116EB1F094684008281CB /* RootViewController+UIImagePickerControllerDelegate.swift */; };
		086116F01F0C2EA4008281CB /* PaletteTableViewController+DisplayState.swift in Sources */ = {isa = PBXBuildFile; fileRef = 086116EF1F0C2EA4008281CB /* PaletteTableViewController+DisplayState.swift */; };
		086116F21F0C3EA1008281CB /* UrlSession+Promisekit.swift in Sources */ = {isa = PBXBuildFile; fileRef = 086116F11F0C3EA1008281CB /* UrlSession+Promisekit.swift */; };
		086116F51F0CE559008281CB /* flickr.plist in Resources */ = {isa = PBXBuildFile; fileRef = 086116F41F0CE559008281CB /* flickr.plist */; };
		086116F71F0D86C9008281CB /* CoreDataAssertDeletionTests.swift in Sources */ = {isa = PBXBuildFile; fileRef = 086116F61F0D86C9008281CB /* CoreDataAssertDeletionTests.swift */; };
		086116F91F0D90BA008281CB /* CoreDataAssertUniquenessTests.swift in Sources */ = {isa = PBXBuildFile; fileRef = 086116F81F0D90BA008281CB /* CoreDataAssertUniquenessTests.swift */; };
		086116FB1F0D923A008281CB /* CoreDataAssertFetchControllerTests.swift in Sources */ = {isa = PBXBuildFile; fileRef = 086116FA1F0D923A008281CB /* CoreDataAssertFetchControllerTests.swift */; };
		086116FE1F10F80C008281CB /* ImmutablePalette.swift in Sources */ = {isa = PBXBuildFile; fileRef = 086116FD1F10F80C008281CB /* ImmutablePalette.swift */; };
		086117021F10F8CF008281CB /* ImmutablePalette+UserOwnedPalette.swift in Sources */ = {isa = PBXBuildFile; fileRef = 086117011F10F8CF008281CB /* ImmutablePalette+UserOwnedPalette.swift */; };
		086117071F11715F008281CB /* CoreDataPaletteTableViewControllerDelegate.swift in Sources */ = {isa = PBXBuildFile; fileRef = 086117061F11715F008281CB /* CoreDataPaletteTableViewControllerDelegate.swift */; };
		0861170A1F1267EF008281CB /* FlickrTrendingPhotoService.swift in Sources */ = {isa = PBXBuildFile; fileRef = 086117091F1267EF008281CB /* FlickrTrendingPhotoService.swift */; };
		0861170C1F128D0E008281CB /* TrendingPaletteServiceTests.swift in Sources */ = {isa = PBXBuildFile; fileRef = 0861170B1F128D0E008281CB /* TrendingPaletteServiceTests.swift */; };
		0861170E1F12AFFB008281CB /* TrendingPaletteService.swift in Sources */ = {isa = PBXBuildFile; fileRef = 0861170D1F12AFFB008281CB /* TrendingPaletteService.swift */; };
		086117101F12B05B008281CB /* FlickrTrendingPhotoService+TrendingPaletteService.swift in Sources */ = {isa = PBXBuildFile; fileRef = 0861170F1F12B05B008281CB /* FlickrTrendingPhotoService+TrendingPaletteService.swift */; };
		0869BFC21EAA380C009A0DE6 /* TabbarMenuButton.swift in Sources */ = {isa = PBXBuildFile; fileRef = 0869BFC11EAA380C009A0DE6 /* TabbarMenuButton.swift */; };
		086BA77A1E3CAE600054BBAE /* DataSource.swift in Sources */ = {isa = PBXBuildFile; fileRef = 086BA7791E3CAE600054BBAE /* DataSource.swift */; };
		086E911C1EBD10FC00599101 /* FBSnapshotTestCase.framework in Frameworks */ = {isa = PBXBuildFile; fileRef = 086E911B1EBD10FC00599101 /* FBSnapshotTestCase.framework */; };
		086E911E1EBD122300599101 /* PaletteDetailViewTests.swift in Sources */ = {isa = PBXBuildFile; fileRef = 086E911D1EBD122300599101 /* PaletteDetailViewTests.swift */; };
		0877A7A01E40C00000F6FDAB /* TrendingPaletteDelegate.swift in Sources */ = {isa = PBXBuildFile; fileRef = 0877A79F1E40C00000F6FDAB /* TrendingPaletteDelegate.swift */; };
		0877A7A31E41336500F6FDAB /* ColorPalette.swift in Sources */ = {isa = PBXBuildFile; fileRef = 0877A7A21E41336500F6FDAB /* ColorPalette.swift */; };
		0877A7CC1E4296D100F6FDAB /* AppDelegate+Container.swift in Sources */ = {isa = PBXBuildFile; fileRef = 0877A7CB1E4296D100F6FDAB /* AppDelegate+Container.swift */; };
		0877A7CE1E449D0F00F6FDAB /* RemotePaletteTests.swift in Sources */ = {isa = PBXBuildFile; fileRef = 0877A7CD1E449D0F00F6FDAB /* RemotePaletteTests.swift */; };
		0877A7D51E49FCBB00F6FDAB /* CDSPaletteTests.swift in Sources */ = {isa = PBXBuildFile; fileRef = 0877A7D41E49FCBB00F6FDAB /* CDSPaletteTests.swift */; };
		088175E71E2A9C0200990137 /* Color.swift in Sources */ = {isa = PBXBuildFile; fileRef = 088175E61E2A9C0200990137 /* Color.swift */; };
		088175F91E2C1C3700990137 /* PromiseKit.framework in Frameworks */ = {isa = PBXBuildFile; fileRef = 088175F81E2C1C3700990137 /* PromiseKit.framework */; settings = {ATTRIBUTES = (Required, ); }; };
		088175FE1E2C24DF00990137 /* FlickrPhoto.swift in Sources */ = {isa = PBXBuildFile; fileRef = 088175FD1E2C24DF00990137 /* FlickrPhoto.swift */; };
		088900EC1E3022D300FE9C7E /* PaletteView.swift in Sources */ = {isa = PBXBuildFile; fileRef = 088900EB1E3022D300FE9C7E /* PaletteView.swift */; };
		088900F11E33F2B400FE9C7E /* PaletteViewTableCell.swift in Sources */ = {isa = PBXBuildFile; fileRef = 088900F01E33F2B400FE9C7E /* PaletteViewTableCell.swift */; };
		088900F31E33F3EB00FE9C7E /* PaletteTableViewController.swift in Sources */ = {isa = PBXBuildFile; fileRef = 088900F21E33F3EB00FE9C7E /* PaletteTableViewController.swift */; };
		088900F81E33FAC100FE9C7E /* CoreDataPaletteDataSource.swift in Sources */ = {isa = PBXBuildFile; fileRef = 088900F71E33FAC100FE9C7E /* CoreDataPaletteDataSource.swift */; };
		08A50E201E6EAB7A000E481D /* PaletteTableViewControllerDelegate.swift in Sources */ = {isa = PBXBuildFile; fileRef = 08A50E1F1E6EAB7A000E481D /* PaletteTableViewControllerDelegate.swift */; };
		08A50E221E6EABF6000E481D /* FavouritePaletteDelegate.swift in Sources */ = {isa = PBXBuildFile; fileRef = 08A50E211E6EABF6000E481D /* FavouritePaletteDelegate.swift */; };
		08B657E41E7140F6009E391D /* ErrorHandler.swift in Sources */ = {isa = PBXBuildFile; fileRef = 08B657E31E7140F6009E391D /* ErrorHandler.swift */; };
		08B657E61E736936009E391D /* PaletteDetailViewControllerDelegate.swift in Sources */ = {isa = PBXBuildFile; fileRef = 08B657E51E736936009E391D /* PaletteDetailViewControllerDelegate.swift */; };
		08B657F21E7618CF009E391D /* LoadingCell.swift in Sources */ = {isa = PBXBuildFile; fileRef = 08B657F11E7618CF009E391D /* LoadingCell.swift */; };
		08C617A91E15B55D00A3ABDD /* AppDelegate.swift in Sources */ = {isa = PBXBuildFile; fileRef = 08C617A81E15B55D00A3ABDD /* AppDelegate.swift */; };
		08C617AB1E15B55D00A3ABDD /* PaletteDetailViewController.swift in Sources */ = {isa = PBXBuildFile; fileRef = 08C617AA1E15B55D00A3ABDD /* PaletteDetailViewController.swift */; };
		08C617AE1E15B55D00A3ABDD /* Main.storyboard in Resources */ = {isa = PBXBuildFile; fileRef = 08C617AC1E15B55D00A3ABDD /* Main.storyboard */; };
		08C617B11E15B55D00A3ABDD /* HueInspired.xcdatamodeld in Sources */ = {isa = PBXBuildFile; fileRef = 08C617AF1E15B55D00A3ABDD /* HueInspired.xcdatamodeld */; };
		08C617B31E15B55D00A3ABDD /* Assets.xcassets in Resources */ = {isa = PBXBuildFile; fileRef = 08C617B21E15B55D00A3ABDD /* Assets.xcassets */; };
		08C617B61E15B55D00A3ABDD /* LaunchScreen.storyboard in Resources */ = {isa = PBXBuildFile; fileRef = 08C617B41E15B55D00A3ABDD /* LaunchScreen.storyboard */; };
		08C617CC1E15B55E00A3ABDD /* HueInspiredUITests.swift in Sources */ = {isa = PBXBuildFile; fileRef = 08C617CB1E15B55E00A3ABDD /* HueInspiredUITests.swift */; };
		08C617E31E1822C300A3ABDD /* ImageLoader.swift in Sources */ = {isa = PBXBuildFile; fileRef = 08C617E21E1822C300A3ABDD /* ImageLoader.swift */; };
		08DD00021E86C8B900400719 /* SwinjectStoryboard.framework in Frameworks */ = {isa = PBXBuildFile; fileRef = 08DD00001E86C8B900400719 /* SwinjectStoryboard.framework */; };
		08DD00031E86C8B900400719 /* Swinject.framework in Frameworks */ = {isa = PBXBuildFile; fileRef = 08DD00011E86C8B900400719 /* Swinject.framework */; };
		08EBB3BB1E899C8800F0E577 /* PromiseKit.framework in Frameworks */ = {isa = PBXBuildFile; fileRef = 088175F81E2C1C3700990137 /* PromiseKit.framework */; };
		08FB0A2E1E9EC98B00316688 /* CoreDataPaletteDataSource+TableDataSource.swift in Sources */ = {isa = PBXBuildFile; fileRef = 08FB0A2D1E9EC98B00316688 /* CoreDataPaletteDataSource+TableDataSource.swift */; };
		08FB0A301EA387A700316688 /* testAssets.xcassets in Resources */ = {isa = PBXBuildFile; fileRef = 08FB0A2F1EA387A700316688 /* testAssets.xcassets */; };
/* End PBXBuildFile section */

/* Begin PBXContainerItemProxy section */
		08C617BD1E15B55E00A3ABDD /* PBXContainerItemProxy */ = {
			isa = PBXContainerItemProxy;
			containerPortal = 08C6179D1E15B55D00A3ABDD /* Project object */;
			proxyType = 1;
			remoteGlobalIDString = 08C617A41E15B55D00A3ABDD;
			remoteInfo = HueInspired;
		};
		08C617C81E15B55E00A3ABDD /* PBXContainerItemProxy */ = {
			isa = PBXContainerItemProxy;
			containerPortal = 08C6179D1E15B55D00A3ABDD /* Project object */;
			proxyType = 1;
			remoteGlobalIDString = 08C617A41E15B55D00A3ABDD;
			remoteInfo = HueInspired;
		};
/* End PBXContainerItemProxy section */

/* Begin PBXFileReference section */
		082424C01E99040E005EE80E /* ColorSpaces.swift */ = {isa = PBXFileReference; fileEncoding = 4; lastKnownFileType = sourcecode.swift; path = ColorSpaces.swift; sourceTree = "<group>"; };
		082424C21E992AA7005EE80E /* ColorSpaceTests.swift */ = {isa = PBXFileReference; fileEncoding = 4; lastKnownFileType = sourcecode.swift; path = ColorSpaceTests.swift; sourceTree = "<group>"; };
		082424C41E997FAF005EE80E /* KDTree.swift */ = {isa = PBXFileReference; fileEncoding = 4; lastKnownFileType = sourcecode.swift; path = KDTree.swift; sourceTree = "<group>"; };
		082424C61E99A52C005EE80E /* KDTreeTestes.swift */ = {isa = PBXFileReference; fileEncoding = 4; lastKnownFileType = sourcecode.swift; path = KDTreeTestes.swift; sourceTree = "<group>"; };
		082424C81E9A4F41005EE80E /* ColorExtractor.swift */ = {isa = PBXFileReference; fileEncoding = 4; lastKnownFileType = sourcecode.swift; path = ColorExtractor.swift; sourceTree = "<group>"; };
		082424CA1E9A9F69005EE80E /* ImageSamplingTests.swift */ = {isa = PBXFileReference; fileEncoding = 4; lastKnownFileType = sourcecode.swift; path = ImageSamplingTests.swift; sourceTree = "<group>"; };
		082B72AE1E589A74006815D2 /* NetworkingManager.swift */ = {isa = PBXFileReference; fileEncoding = 4; lastKnownFileType = sourcecode.swift; path = NetworkingManager.swift; sourceTree = "<group>"; };
		082B72B21E59C028006815D2 /* FlickrService.swift */ = {isa = PBXFileReference; fileEncoding = 4; lastKnownFileType = sourcecode.swift; path = FlickrService.swift; sourceTree = "<group>"; };
		082B72B41E59DD4A006815D2 /* FlickrServiceTests.swift */ = {isa = PBXFileReference; fileEncoding = 4; lastKnownFileType = sourcecode.swift; path = FlickrServiceTests.swift; sourceTree = "<group>"; };
		082B72B61E59E117006815D2 /* FlickrServiceSpec.swift */ = {isa = PBXFileReference; fileEncoding = 4; lastKnownFileType = sourcecode.swift; path = FlickrServiceSpec.swift; sourceTree = "<group>"; };
		0832048B1E21982A0025F5FE /* SwatchCollectionCell.swift */ = {isa = PBXFileReference; fileEncoding = 4; lastKnownFileType = sourcecode.swift; path = SwatchCollectionCell.swift; sourceTree = "<group>"; };
		084522701E5E315C008EE06B /* utils.swift */ = {isa = PBXFileReference; fileEncoding = 4; lastKnownFileType = sourcecode.swift; path = utils.swift; sourceTree = "<group>"; };
		084522721E5E31B7008EE06B /* DataSourceTests.swift */ = {isa = PBXFileReference; fileEncoding = 4; lastKnownFileType = sourcecode.swift; path = DataSourceTests.swift; sourceTree = "<group>"; };
		084522741E5E352D008EE06B /* CoreDataAssertMergeTests.swift */ = {isa = PBXFileReference; fileEncoding = 4; lastKnownFileType = sourcecode.swift; path = CoreDataAssertMergeTests.swift; sourceTree = "<group>"; };
		0845F1801E625A0000B43C99 /* testData_flickr_latest.json */ = {isa = PBXFileReference; fileEncoding = 4; lastKnownFileType = text.json; name = testData_flickr_latest.json; path = HueInspiredTests/testData_flickr_latest.json; sourceTree = SOURCE_ROOT; };
		0845F1841E66279700B43C99 /* RootViewControllerDelegate.swift */ = {isa = PBXFileReference; fileEncoding = 4; lastKnownFileType = sourcecode.swift; path = RootViewControllerDelegate.swift; sourceTree = "<group>"; };
		0845F1861E66288C00B43C99 /* RootViewController.swift */ = {isa = PBXFileReference; fileEncoding = 4; lastKnownFileType = sourcecode.swift; path = RootViewController.swift; sourceTree = "<group>"; };
		084E6BBB1E8DB2B900B10EA5 /* SwinjectFactoryTests.swift */ = {isa = PBXFileReference; fileEncoding = 4; lastKnownFileType = sourcecode.swift; path = SwinjectFactoryTests.swift; sourceTree = "<group>"; };
		084E6BBD1E8DB4C800B10EA5 /* PaletteFavouriteTests.swift */ = {isa = PBXFileReference; fileEncoding = 4; lastKnownFileType = sourcecode.swift; path = PaletteFavouriteTests.swift; sourceTree = "<group>"; };
		0853EBD81EBA5E9D00EFA5AC /* CoreDataUtils.swift */ = {isa = PBXFileReference; fileEncoding = 4; lastKnownFileType = sourcecode.swift; path = CoreDataUtils.swift; sourceTree = "<group>"; };
		0853EBD91EBA5E9D00EFA5AC /* CDSSelectionSet.swift */ = {isa = PBXFileReference; fileEncoding = 4; lastKnownFileType = sourcecode.swift; path = CDSSelectionSet.swift; sourceTree = "<group>"; };
		0853EBDA1EBA5E9D00EFA5AC /* CDSImageSource.swift */ = {isa = PBXFileReference; fileEncoding = 4; lastKnownFileType = sourcecode.swift; path = CDSImageSource.swift; sourceTree = "<group>"; };
		0853EBDB1EBA5E9D00EFA5AC /* CDSColorPalette.swift */ = {isa = PBXFileReference; fileEncoding = 4; lastKnownFileType = sourcecode.swift; path = CDSColorPalette.swift; sourceTree = "<group>"; };
		0853EBDC1EBA5E9D00EFA5AC /* CDSColor.swift */ = {isa = PBXFileReference; fileEncoding = 4; lastKnownFileType = sourcecode.swift; path = CDSColor.swift; sourceTree = "<group>"; };
		0853EBE61EBBC02F00EFA5AC /* CDSSelectionSetTests.swift */ = {isa = PBXFileReference; fileEncoding = 4; lastKnownFileType = sourcecode.swift; path = CDSSelectionSetTests.swift; sourceTree = "<group>"; };
		086116DD1F06D170008281CB /* DataSourceFilter.swift */ = {isa = PBXFileReference; fileEncoding = 4; lastKnownFileType = sourcecode.swift; path = DataSourceFilter.swift; sourceTree = "<group>"; };
		086116DF1F06D1D9008281CB /* DataSourceObserver.swift */ = {isa = PBXFileReference; fileEncoding = 4; lastKnownFileType = sourcecode.swift; path = DataSourceObserver.swift; sourceTree = "<group>"; };
		086116E71F09447A008281CB /* PaletteTableViewController+TableViewDelegate.swift */ = {isa = PBXFileReference; fileEncoding = 4; lastKnownFileType = sourcecode.swift; path = "PaletteTableViewController+TableViewDelegate.swift"; sourceTree = "<group>"; };
		086116EB1F094684008281CB /* RootViewController+UIImagePickerControllerDelegate.swift */ = {isa = PBXFileReference; fileEncoding = 4; lastKnownFileType = sourcecode.swift; path = "RootViewController+UIImagePickerControllerDelegate.swift"; sourceTree = "<group>"; };
		086116EF1F0C2EA4008281CB /* PaletteTableViewController+DisplayState.swift */ = {isa = PBXFileReference; fileEncoding = 4; lastKnownFileType = sourcecode.swift; path = "PaletteTableViewController+DisplayState.swift"; sourceTree = "<group>"; };
		086116F11F0C3EA1008281CB /* UrlSession+Promisekit.swift */ = {isa = PBXFileReference; fileEncoding = 4; lastKnownFileType = sourcecode.swift; path = "UrlSession+Promisekit.swift"; sourceTree = "<group>"; };
		086116F41F0CE559008281CB /* flickr.plist */ = {isa = PBXFileReference; fileEncoding = 4; lastKnownFileType = text.plist.xml; name = flickr.plist; path = ../flickr.plist; sourceTree = "<group>"; };
		086116F61F0D86C9008281CB /* CoreDataAssertDeletionTests.swift */ = {isa = PBXFileReference; fileEncoding = 4; lastKnownFileType = sourcecode.swift; path = CoreDataAssertDeletionTests.swift; sourceTree = "<group>"; };
		086116F81F0D90BA008281CB /* CoreDataAssertUniquenessTests.swift */ = {isa = PBXFileReference; fileEncoding = 4; lastKnownFileType = sourcecode.swift; path = CoreDataAssertUniquenessTests.swift; sourceTree = "<group>"; };
		086116FA1F0D923A008281CB /* CoreDataAssertFetchControllerTests.swift */ = {isa = PBXFileReference; fileEncoding = 4; lastKnownFileType = sourcecode.swift; path = CoreDataAssertFetchControllerTests.swift; sourceTree = "<group>"; };
		086116FD1F10F80C008281CB /* ImmutablePalette.swift */ = {isa = PBXFileReference; fileEncoding = 4; lastKnownFileType = sourcecode.swift; path = ImmutablePalette.swift; sourceTree = "<group>"; };
		086117011F10F8CF008281CB /* ImmutablePalette+UserOwnedPalette.swift */ = {isa = PBXFileReference; fileEncoding = 4; lastKnownFileType = sourcecode.swift; path = "ImmutablePalette+UserOwnedPalette.swift"; sourceTree = "<group>"; };
		086117061F11715F008281CB /* CoreDataPaletteTableViewControllerDelegate.swift */ = {isa = PBXFileReference; fileEncoding = 4; lastKnownFileType = sourcecode.swift; path = CoreDataPaletteTableViewControllerDelegate.swift; sourceTree = "<group>"; };
		086117091F1267EF008281CB /* FlickrTrendingPhotoService.swift */ = {isa = PBXFileReference; fileEncoding = 4; lastKnownFileType = sourcecode.swift; name = FlickrTrendingPhotoService.swift; path = Networking/FlickrTrendingPhotoService.swift; sourceTree = "<group>"; };
		0861170B1F128D0E008281CB /* TrendingPaletteServiceTests.swift */ = {isa = PBXFileReference; fileEncoding = 4; lastKnownFileType = sourcecode.swift; path = TrendingPaletteServiceTests.swift; sourceTree = "<group>"; };
		0861170D1F12AFFB008281CB /* TrendingPaletteService.swift */ = {isa = PBXFileReference; fileEncoding = 4; lastKnownFileType = sourcecode.swift; name = TrendingPaletteService.swift; path = Networking/TrendingPaletteService.swift; sourceTree = "<group>"; };
		0861170F1F12B05B008281CB /* FlickrTrendingPhotoService+TrendingPaletteService.swift */ = {isa = PBXFileReference; fileEncoding = 4; lastKnownFileType = sourcecode.swift; path = "FlickrTrendingPhotoService+TrendingPaletteService.swift"; sourceTree = "<group>"; };
		0869BFC11EAA380C009A0DE6 /* TabbarMenuButton.swift */ = {isa = PBXFileReference; fileEncoding = 4; lastKnownFileType = sourcecode.swift; path = TabbarMenuButton.swift; sourceTree = "<group>"; };
		086BA7791E3CAE600054BBAE /* DataSource.swift */ = {isa = PBXFileReference; fileEncoding = 4; lastKnownFileType = sourcecode.swift; path = DataSource.swift; sourceTree = "<group>"; };
		086E911B1EBD10FC00599101 /* FBSnapshotTestCase.framework */ = {isa = PBXFileReference; lastKnownFileType = wrapper.framework; name = FBSnapshotTestCase.framework; path = Carthage/Build/iOS/FBSnapshotTestCase.framework; sourceTree = "<group>"; };
		086E911D1EBD122300599101 /* PaletteDetailViewTests.swift */ = {isa = PBXFileReference; fileEncoding = 4; lastKnownFileType = sourcecode.swift; path = PaletteDetailViewTests.swift; sourceTree = "<group>"; };
		0877A79F1E40C00000F6FDAB /* TrendingPaletteDelegate.swift */ = {isa = PBXFileReference; fileEncoding = 4; lastKnownFileType = sourcecode.swift; path = TrendingPaletteDelegate.swift; sourceTree = "<group>"; };
		0877A7A21E41336500F6FDAB /* ColorPalette.swift */ = {isa = PBXFileReference; fileEncoding = 4; lastKnownFileType = sourcecode.swift; path = ColorPalette.swift; sourceTree = "<group>"; };
		0877A7CB1E4296D100F6FDAB /* AppDelegate+Container.swift */ = {isa = PBXFileReference; fileEncoding = 4; lastKnownFileType = sourcecode.swift; path = "AppDelegate+Container.swift"; sourceTree = "<group>"; };
		0877A7CD1E449D0F00F6FDAB /* RemotePaletteTests.swift */ = {isa = PBXFileReference; fileEncoding = 4; lastKnownFileType = sourcecode.swift; path = RemotePaletteTests.swift; sourceTree = "<group>"; };
		0877A7D41E49FCBB00F6FDAB /* CDSPaletteTests.swift */ = {isa = PBXFileReference; fileEncoding = 4; lastKnownFileType = sourcecode.swift; path = CDSPaletteTests.swift; sourceTree = "<group>"; };
		088175E61E2A9C0200990137 /* Color.swift */ = {isa = PBXFileReference; fileEncoding = 4; lastKnownFileType = sourcecode.swift; path = Color.swift; sourceTree = "<group>"; };
		088175F81E2C1C3700990137 /* PromiseKit.framework */ = {isa = PBXFileReference; lastKnownFileType = wrapper.framework; name = PromiseKit.framework; path = Carthage/Build/iOS/PromiseKit.framework; sourceTree = "<group>"; };
		088175FD1E2C24DF00990137 /* FlickrPhoto.swift */ = {isa = PBXFileReference; fileEncoding = 4; lastKnownFileType = sourcecode.swift; path = FlickrPhoto.swift; sourceTree = "<group>"; };
		088176001E2C2BF900990137 /* PromiseKit.framework.dSYM */ = {isa = PBXFileReference; lastKnownFileType = wrapper.dsym; name = PromiseKit.framework.dSYM; path = Carthage/Build/iOS/PromiseKit.framework.dSYM; sourceTree = "<group>"; };
		088900EB1E3022D300FE9C7E /* PaletteView.swift */ = {isa = PBXFileReference; fileEncoding = 4; lastKnownFileType = sourcecode.swift; path = PaletteView.swift; sourceTree = "<group>"; };
		088900F01E33F2B400FE9C7E /* PaletteViewTableCell.swift */ = {isa = PBXFileReference; fileEncoding = 4; lastKnownFileType = sourcecode.swift; path = PaletteViewTableCell.swift; sourceTree = "<group>"; };
		088900F21E33F3EB00FE9C7E /* PaletteTableViewController.swift */ = {isa = PBXFileReference; fileEncoding = 4; lastKnownFileType = sourcecode.swift; path = PaletteTableViewController.swift; sourceTree = "<group>"; };
		088900F71E33FAC100FE9C7E /* CoreDataPaletteDataSource.swift */ = {isa = PBXFileReference; fileEncoding = 4; lastKnownFileType = sourcecode.swift; path = CoreDataPaletteDataSource.swift; sourceTree = "<group>"; };
		08A50E1F1E6EAB7A000E481D /* PaletteTableViewControllerDelegate.swift */ = {isa = PBXFileReference; fileEncoding = 4; lastKnownFileType = sourcecode.swift; path = PaletteTableViewControllerDelegate.swift; sourceTree = "<group>"; };
		08A50E211E6EABF6000E481D /* FavouritePaletteDelegate.swift */ = {isa = PBXFileReference; fileEncoding = 4; lastKnownFileType = sourcecode.swift; path = FavouritePaletteDelegate.swift; sourceTree = "<group>"; };
		08B657E31E7140F6009E391D /* ErrorHandler.swift */ = {isa = PBXFileReference; fileEncoding = 4; lastKnownFileType = sourcecode.swift; path = ErrorHandler.swift; sourceTree = "<group>"; };
		08B657E51E736936009E391D /* PaletteDetailViewControllerDelegate.swift */ = {isa = PBXFileReference; fileEncoding = 4; lastKnownFileType = sourcecode.swift; path = PaletteDetailViewControllerDelegate.swift; sourceTree = "<group>"; };
		08B657F11E7618CF009E391D /* LoadingCell.swift */ = {isa = PBXFileReference; fileEncoding = 4; lastKnownFileType = sourcecode.swift; path = LoadingCell.swift; sourceTree = "<group>"; };
		08C617A51E15B55D00A3ABDD /* HueInspired.app */ = {isa = PBXFileReference; explicitFileType = wrapper.application; includeInIndex = 0; path = HueInspired.app; sourceTree = BUILT_PRODUCTS_DIR; };
		08C617A81E15B55D00A3ABDD /* AppDelegate.swift */ = {isa = PBXFileReference; lastKnownFileType = sourcecode.swift; path = AppDelegate.swift; sourceTree = "<group>"; };
		08C617AA1E15B55D00A3ABDD /* PaletteDetailViewController.swift */ = {isa = PBXFileReference; lastKnownFileType = sourcecode.swift; path = PaletteDetailViewController.swift; sourceTree = "<group>"; };
		08C617AD1E15B55D00A3ABDD /* Base */ = {isa = PBXFileReference; lastKnownFileType = file.storyboard; name = Base; path = Base.lproj/Main.storyboard; sourceTree = "<group>"; };
		08C617B01E15B55D00A3ABDD /* HueInspired.xcdatamodel */ = {isa = PBXFileReference; lastKnownFileType = wrapper.xcdatamodel; path = HueInspired.xcdatamodel; sourceTree = "<group>"; };
		08C617B21E15B55D00A3ABDD /* Assets.xcassets */ = {isa = PBXFileReference; lastKnownFileType = folder.assetcatalog; path = Assets.xcassets; sourceTree = "<group>"; };
		08C617B51E15B55D00A3ABDD /* Base */ = {isa = PBXFileReference; lastKnownFileType = file.storyboard; name = Base; path = Base.lproj/LaunchScreen.storyboard; sourceTree = "<group>"; };
		08C617B71E15B55D00A3ABDD /* Info.plist */ = {isa = PBXFileReference; lastKnownFileType = text.plist.xml; path = Info.plist; sourceTree = "<group>"; };
		08C617BC1E15B55E00A3ABDD /* HueInspiredTests.xctest */ = {isa = PBXFileReference; explicitFileType = wrapper.cfbundle; includeInIndex = 0; path = HueInspiredTests.xctest; sourceTree = BUILT_PRODUCTS_DIR; };
		08C617C21E15B55E00A3ABDD /* Info.plist */ = {isa = PBXFileReference; lastKnownFileType = text.plist.xml; path = Info.plist; sourceTree = "<group>"; };
		08C617C71E15B55E00A3ABDD /* HueInspiredUITests.xctest */ = {isa = PBXFileReference; explicitFileType = wrapper.cfbundle; includeInIndex = 0; path = HueInspiredUITests.xctest; sourceTree = BUILT_PRODUCTS_DIR; };
		08C617CB1E15B55E00A3ABDD /* HueInspiredUITests.swift */ = {isa = PBXFileReference; lastKnownFileType = sourcecode.swift; path = HueInspiredUITests.swift; sourceTree = "<group>"; };
		08C617CD1E15B55E00A3ABDD /* Info.plist */ = {isa = PBXFileReference; lastKnownFileType = text.plist.xml; path = Info.plist; sourceTree = "<group>"; };
		08C617E21E1822C300A3ABDD /* ImageLoader.swift */ = {isa = PBXFileReference; fileEncoding = 4; lastKnownFileType = sourcecode.swift; path = ImageLoader.swift; sourceTree = "<group>"; };
		08DD00001E86C8B900400719 /* SwinjectStoryboard.framework */ = {isa = PBXFileReference; lastKnownFileType = wrapper.framework; name = SwinjectStoryboard.framework; path = Carthage/Build/iOS/SwinjectStoryboard.framework; sourceTree = "<group>"; };
		08DD00011E86C8B900400719 /* Swinject.framework */ = {isa = PBXFileReference; lastKnownFileType = wrapper.framework; name = Swinject.framework; path = Carthage/Build/iOS/Swinject.framework; sourceTree = "<group>"; };
		08FB0A2D1E9EC98B00316688 /* CoreDataPaletteDataSource+TableDataSource.swift */ = {isa = PBXFileReference; fileEncoding = 4; lastKnownFileType = sourcecode.swift; path = "CoreDataPaletteDataSource+TableDataSource.swift"; sourceTree = "<group>"; };
		08FB0A2F1EA387A700316688 /* testAssets.xcassets */ = {isa = PBXFileReference; lastKnownFileType = folder.assetcatalog; name = testAssets.xcassets; path = ../HueInspiredUITests/testAssets.xcassets; sourceTree = "<group>"; };
/* End PBXFileReference section */

/* Begin PBXFrameworksBuildPhase section */
		08C617A21E15B55D00A3ABDD /* Frameworks */ = {
			isa = PBXFrameworksBuildPhase;
			buildActionMask = 2147483647;
			files = (
				08DD00031E86C8B900400719 /* Swinject.framework in Frameworks */,
				08DD00021E86C8B900400719 /* SwinjectStoryboard.framework in Frameworks */,
				088175F91E2C1C3700990137 /* PromiseKit.framework in Frameworks */,
			);
			runOnlyForDeploymentPostprocessing = 0;
		};
		08C617B91E15B55E00A3ABDD /* Frameworks */ = {
			isa = PBXFrameworksBuildPhase;
			buildActionMask = 2147483647;
			files = (
				08EBB3BB1E899C8800F0E577 /* PromiseKit.framework in Frameworks */,
				086E911C1EBD10FC00599101 /* FBSnapshotTestCase.framework in Frameworks */,
			);
			runOnlyForDeploymentPostprocessing = 0;
		};
		08C617C41E15B55E00A3ABDD /* Frameworks */ = {
			isa = PBXFrameworksBuildPhase;
			buildActionMask = 2147483647;
			files = (
			);
			runOnlyForDeploymentPostprocessing = 0;
		};
/* End PBXFrameworksBuildPhase section */

/* Begin PBXGroup section */
		0826A3E31E2A959D0005EA02 /* CoreData */ = {
			isa = PBXGroup;
			children = (
				0853EBD91EBA5E9D00EFA5AC /* CDSSelectionSet.swift */,
				0853EBDA1EBA5E9D00EFA5AC /* CDSImageSource.swift */,
				0853EBDB1EBA5E9D00EFA5AC /* CDSColorPalette.swift */,
				0853EBDC1EBA5E9D00EFA5AC /* CDSColor.swift */,
				0853EBD81EBA5E9D00EFA5AC /* CoreDataUtils.swift */,
			);
			name = CoreData;
			path = Coredata;
			sourceTree = "<group>";
		};
		082B72B81E59E13C006815D2 /* Models */ = {
			isa = PBXGroup;
			children = (
				088175FD1E2C24DF00990137 /* FlickrPhoto.swift */,
			);
			name = Models;
			sourceTree = "<group>";
		};
		0835ED3E1E20449200784ABE /* Color Extract */ = {
			isa = PBXGroup;
			children = (
				08C617E21E1822C300A3ABDD /* ImageLoader.swift */,
				088175E61E2A9C0200990137 /* Color.swift */,
				082424C01E99040E005EE80E /* ColorSpaces.swift */,
				082424C41E997FAF005EE80E /* KDTree.swift */,
				082424C81E9A4F41005EE80E /* ColorExtractor.swift */,
			);
			name = "Color Extract";
			path = ColorExtract;
			sourceTree = "<group>";
		};
		0835ED431E2045EC00784ABE /* View */ = {
			isa = PBXGroup;
			children = (
				0869BFC11EAA380C009A0DE6 /* TabbarMenuButton.swift */,
				086117031F10FF79008281CB /* PaletteView */,
				088900F51E33F40800FE9C7E /* TableViewCells */,
			);
			name = View;
			path = Views;
			sourceTree = "<group>";
		};
		0853EBE21EBB556500EFA5AC /* ColorExtract */ = {
			isa = PBXGroup;
			children = (
				082424CA1E9A9F69005EE80E /* ImageSamplingTests.swift */,
				082424C21E992AA7005EE80E /* ColorSpaceTests.swift */,
				082424C61E99A52C005EE80E /* KDTreeTestes.swift */,
			);
			name = ColorExtract;
			sourceTree = "<group>";
		};
		0853EBE31EBB558700EFA5AC /* App */ = {
			isa = PBXGroup;
			children = (
				0877A7CD1E449D0F00F6FDAB /* RemotePaletteTests.swift */,
				084E6BBB1E8DB2B900B10EA5 /* SwinjectFactoryTests.swift */,
				0861170B1F128D0E008281CB /* TrendingPaletteServiceTests.swift */,
			);
			name = App;
			sourceTree = "<group>";
		};
		0853EBE41EBB55B400EFA5AC /* CoreDataTests */ = {
			isa = PBXGroup;
			children = (
				084522741E5E352D008EE06B /* CoreDataAssertMergeTests.swift */,
				086116FA1F0D923A008281CB /* CoreDataAssertFetchControllerTests.swift */,
				086116F81F0D90BA008281CB /* CoreDataAssertUniquenessTests.swift */,
				086116F61F0D86C9008281CB /* CoreDataAssertDeletionTests.swift */,
			);
			name = CoreDataTests;
			sourceTree = "<group>";
		};
		0853EBE51EBB55C700EFA5AC /* ModelTests */ = {
			isa = PBXGroup;
			children = (
				084E6BBD1E8DB4C800B10EA5 /* PaletteFavouriteTests.swift */,
				084522721E5E31B7008EE06B /* DataSourceTests.swift */,
				0877A7D41E49FCBB00F6FDAB /* CDSPaletteTests.swift */,
				0853EBE61EBBC02F00EFA5AC /* CDSSelectionSetTests.swift */,
			);
			name = ModelTests;
			sourceTree = "<group>";
		};
		0853EBE81EBBC10100EFA5AC /* FlickrTests */ = {
			isa = PBXGroup;
			children = (
				082B72B41E59DD4A006815D2 /* FlickrServiceTests.swift */,
			);
			name = FlickrTests;
			sourceTree = "<group>";
		};
		086116E11F06D1F5008281CB /* Protocols */ = {
			isa = PBXGroup;
			children = (
				086BA7791E3CAE600054BBAE /* DataSource.swift */,
				086116DD1F06D170008281CB /* DataSourceFilter.swift */,
				086116DF1F06D1D9008281CB /* DataSourceObserver.swift */,
			);
			name = Protocols;
			sourceTree = "<group>";
		};
		086116E21F08F6E9008281CB /* CoreDataPaletteDataSource */ = {
			isa = PBXGroup;
			children = (
				088900F71E33FAC100FE9C7E /* CoreDataPaletteDataSource.swift */,
				08FB0A2D1E9EC98B00316688 /* CoreDataPaletteDataSource+TableDataSource.swift */,
			);
			name = CoreDataPaletteDataSource;
			sourceTree = "<group>";
		};
		086116E51F094010008281CB /* Protocols */ = {
			isa = PBXGroup;
			children = (
				08B657E31E7140F6009E391D /* ErrorHandler.swift */,
			);
			path = Protocols;
			sourceTree = "<group>";
		};
		086116E61F094445008281CB /* PaletteTableViewController */ = {
			isa = PBXGroup;
			children = (
				088900F21E33F3EB00FE9C7E /* PaletteTableViewController.swift */,
				086116E71F09447A008281CB /* PaletteTableViewController+TableViewDelegate.swift */,
				086116EF1F0C2EA4008281CB /* PaletteTableViewController+DisplayState.swift */,
				08A50E1F1E6EAB7A000E481D /* PaletteTableViewControllerDelegate.swift */,
			);
			path = PaletteTableViewController;
			sourceTree = "<group>";
		};
		086116ED1F09468A008281CB /* RootViewController */ = {
			isa = PBXGroup;
			children = (
				0845F1861E66288C00B43C99 /* RootViewController.swift */,
				086116EB1F094684008281CB /* RootViewController+UIImagePickerControllerDelegate.swift */,
				0845F1841E66279700B43C99 /* RootViewControllerDelegate.swift */,
			);
			path = RootViewController;
			sourceTree = "<group>";
		};
		086116EE1F0C2989008281CB /* PaletteDetailViewController */ = {
			isa = PBXGroup;
			children = (
				08C617AA1E15B55D00A3ABDD /* PaletteDetailViewController.swift */,
				08B657E51E736936009E391D /* PaletteDetailViewControllerDelegate.swift */,
			);
			path = PaletteDetailViewController;
			sourceTree = "<group>";
		};
		086116F31F0CD228008281CB /* PaletteTableViewControllerDelegates */ = {
			isa = PBXGroup;
			children = (
				086117061F11715F008281CB /* CoreDataPaletteTableViewControllerDelegate.swift */,
				0877A79F1E40C00000F6FDAB /* TrendingPaletteDelegate.swift */,
				08A50E211E6EABF6000E481D /* FavouritePaletteDelegate.swift */,
			);
			path = PaletteTableViewControllerDelegates;
			sourceTree = "<group>";
		};
		086116FC1F10F7C3008281CB /* Palette */ = {
			isa = PBXGroup;
			children = (
				086116FF1F10F84A008281CB /* Protocols */,
				086117001F10F886008281CB /* ImmutablePalette */,
			);
			path = Palette;
			sourceTree = "<group>";
		};
		086116FF1F10F84A008281CB /* Protocols */ = {
			isa = PBXGroup;
			children = (
				0877A7A21E41336500F6FDAB /* ColorPalette.swift */,
			);
			name = Protocols;
			sourceTree = "<group>";
		};
		086117001F10F886008281CB /* ImmutablePalette */ = {
			isa = PBXGroup;
			children = (
				086116FD1F10F80C008281CB /* ImmutablePalette.swift */,
				086117011F10F8CF008281CB /* ImmutablePalette+UserOwnedPalette.swift */,
			);
			name = ImmutablePalette;
			sourceTree = "<group>";
		};
		086117031F10FF79008281CB /* PaletteView */ = {
			isa = PBXGroup;
			children = (
				088900EB1E3022D300FE9C7E /* PaletteView.swift */,
				0832048B1E21982A0025F5FE /* SwatchCollectionCell.swift */,
			);
			name = PaletteView;
			sourceTree = "<group>";
		};
		086117081F126790008281CB /* Services */ = {
			isa = PBXGroup;
			children = (
				0861170D1F12AFFB008281CB /* TrendingPaletteService.swift */,
				086117091F1267EF008281CB /* FlickrTrendingPhotoService.swift */,
				0861170F1F12B05B008281CB /* FlickrTrendingPhotoService+TrendingPaletteService.swift */,
			);
			name = Services;
			sourceTree = "<group>";
		};
		086BA77B1E3CB4A20054BBAE /* DataSource */ = {
			isa = PBXGroup;
			children = (
				086116E11F06D1F5008281CB /* Protocols */,
				086116E21F08F6E9008281CB /* CoreDataPaletteDataSource */,
			);
			path = DataSource;
			sourceTree = "<group>";
		};
		086E911F1EBD122800599101 /* SnapShotTests */ = {
			isa = PBXGroup;
			children = (
				086E911D1EBD122300599101 /* PaletteDetailViewTests.swift */,
			);
			name = SnapShotTests;
			sourceTree = "<group>";
		};
		0877A7D81E4F7F2000F6FDAB /* Application */ = {
			isa = PBXGroup;
			children = (
				088900EF1E33756600FE9C7E /* Networking */,
				086117081F126790008281CB /* Services */,
				0877A7D91E4F7F3900F6FDAB /* Model */,
				088900F41E33F3FC00FE9C7E /* ViewController */,
				0835ED431E2045EC00784ABE /* View */,
			);
			name = Application;
			sourceTree = "<group>";
		};
		0877A7D91E4F7F3900F6FDAB /* Model */ = {
			isa = PBXGroup;
			children = (
				086116FC1F10F7C3008281CB /* Palette */,
				0826A3E31E2A959D0005EA02 /* CoreData */,
				086BA77B1E3CB4A20054BBAE /* DataSource */,
			);
			name = Model;
			path = Models;
			sourceTree = "<group>";
		};
		088175F71E2C1C3700990137 /* Frameworks */ = {
			isa = PBXGroup;
			children = (
				086E911B1EBD10FC00599101 /* FBSnapshotTestCase.framework */,
				08DD00001E86C8B900400719 /* SwinjectStoryboard.framework */,
				08DD00011E86C8B900400719 /* Swinject.framework */,
				088176001E2C2BF900990137 /* PromiseKit.framework.dSYM */,
				088175F81E2C1C3700990137 /* PromiseKit.framework */,
			);
			name = Frameworks;
			sourceTree = "<group>";
		};
		088175FF1E2C24E400990137 /* Flickr */ = {
			isa = PBXGroup;
			children = (
				086116F41F0CE559008281CB /* flickr.plist */,
				082B72B81E59E13C006815D2 /* Models */,
				082B72B61E59E117006815D2 /* FlickrServiceSpec.swift */,
				082B72B21E59C028006815D2 /* FlickrService.swift */,
			);
			path = Flickr;
			sourceTree = "<group>";
		};
		088900EF1E33756600FE9C7E /* Networking */ = {
			isa = PBXGroup;
			children = (
				082B72AE1E589A74006815D2 /* NetworkingManager.swift */,
				086116F11F0C3EA1008281CB /* UrlSession+Promisekit.swift */,
			);
			path = Networking;
			sourceTree = "<group>";
		};
		088900F41E33F3FC00FE9C7E /* ViewController */ = {
			isa = PBXGroup;
			children = (
				086116E51F094010008281CB /* Protocols */,
				086116E61F094445008281CB /* PaletteTableViewController */,
				086116F31F0CD228008281CB /* PaletteTableViewControllerDelegates */,
				086116ED1F09468A008281CB /* RootViewController */,
				086116EE1F0C2989008281CB /* PaletteDetailViewController */,
			);
			path = ViewController;
			sourceTree = "<group>";
		};
		088900F51E33F40800FE9C7E /* TableViewCells */ = {
			isa = PBXGroup;
			children = (
				088900F01E33F2B400FE9C7E /* PaletteViewTableCell.swift */,
				08B657F11E7618CF009E391D /* LoadingCell.swift */,
			);
			name = TableViewCells;
			sourceTree = "<group>";
		};
		08C6179C1E15B55D00A3ABDD = {
			isa = PBXGroup;
			children = (
				08C617A71E15B55D00A3ABDD /* HueInspired */,
				08C617BF1E15B55E00A3ABDD /* HueInspiredTests */,
				08C617CA1E15B55E00A3ABDD /* HueInspiredUITests */,
				08C617A61E15B55D00A3ABDD /* Products */,
				088175F71E2C1C3700990137 /* Frameworks */,
			);
			sourceTree = "<group>";
		};
		08C617A61E15B55D00A3ABDD /* Products */ = {
			isa = PBXGroup;
			children = (
				08C617A51E15B55D00A3ABDD /* HueInspired.app */,
				08C617BC1E15B55E00A3ABDD /* HueInspiredTests.xctest */,
				08C617C71E15B55E00A3ABDD /* HueInspiredUITests.xctest */,
			);
			name = Products;
			sourceTree = "<group>";
		};
		08C617A71E15B55D00A3ABDD /* HueInspired */ = {
			isa = PBXGroup;
			children = (
				08C617B21E15B55D00A3ABDD /* Assets.xcassets */,
				08C617AC1E15B55D00A3ABDD /* Main.storyboard */,
				08C617B41E15B55D00A3ABDD /* LaunchScreen.storyboard */,
				08C617A81E15B55D00A3ABDD /* AppDelegate.swift */,
				0877A7CB1E4296D100F6FDAB /* AppDelegate+Container.swift */,
				08C617B71E15B55D00A3ABDD /* Info.plist */,
				08C617AF1E15B55D00A3ABDD /* HueInspired.xcdatamodeld */,
				0877A7D81E4F7F2000F6FDAB /* Application */,
				088175FF1E2C24E400990137 /* Flickr */,
				0835ED3E1E20449200784ABE /* Color Extract */,
			);
			path = HueInspired;
			sourceTree = "<group>";
		};
		08C617BF1E15B55E00A3ABDD /* HueInspiredTests */ = {
			isa = PBXGroup;
			children = (
				08C617C21E15B55E00A3ABDD /* Info.plist */,
				08FB0A2F1EA387A700316688 /* testAssets.xcassets */,
				0845F1801E625A0000B43C99 /* testData_flickr_latest.json */,
				084522701E5E315C008EE06B /* utils.swift */,
				0853EBE81EBBC10100EFA5AC /* FlickrTests */,
				0853EBE51EBB55C700EFA5AC /* ModelTests */,
				0853EBE41EBB55B400EFA5AC /* CoreDataTests */,
				0853EBE31EBB558700EFA5AC /* App */,
				0853EBE21EBB556500EFA5AC /* ColorExtract */,
				086E911F1EBD122800599101 /* SnapShotTests */,
			);
			path = HueInspiredTests;
			sourceTree = "<group>";
		};
		08C617CA1E15B55E00A3ABDD /* HueInspiredUITests */ = {
			isa = PBXGroup;
			children = (
				08C617CB1E15B55E00A3ABDD /* HueInspiredUITests.swift */,
				08C617CD1E15B55E00A3ABDD /* Info.plist */,
			);
			path = HueInspiredUITests;
			sourceTree = "<group>";
		};
/* End PBXGroup section */

/* Begin PBXNativeTarget section */
		08C617A41E15B55D00A3ABDD /* HueInspired */ = {
			isa = PBXNativeTarget;
			buildConfigurationList = 08C617D01E15B55E00A3ABDD /* Build configuration list for PBXNativeTarget "HueInspired" */;
			buildPhases = (
				08C617A11E15B55D00A3ABDD /* Sources */,
				08C617A21E15B55D00A3ABDD /* Frameworks */,
				08C617A31E15B55D00A3ABDD /* Resources */,
				088176031E2C2F5B00990137 /* ShellScript */,
			);
			buildRules = (
			);
			dependencies = (
			);
			name = HueInspired;
			productName = HueInspired;
			productReference = 08C617A51E15B55D00A3ABDD /* HueInspired.app */;
			productType = "com.apple.product-type.application";
		};
		08C617BB1E15B55E00A3ABDD /* HueInspiredTests */ = {
			isa = PBXNativeTarget;
			buildConfigurationList = 08C617D31E15B55E00A3ABDD /* Build configuration list for PBXNativeTarget "HueInspiredTests" */;
			buildPhases = (
				08C617B81E15B55E00A3ABDD /* Sources */,
				08C617B91E15B55E00A3ABDD /* Frameworks */,
				08C617BA1E15B55E00A3ABDD /* Resources */,
				0877A7D11E47CCAE00F6FDAB /* ShellScript */,
			);
			buildRules = (
			);
			dependencies = (
				08C617BE1E15B55E00A3ABDD /* PBXTargetDependency */,
			);
			name = HueInspiredTests;
			productName = HueInspiredTests;
			productReference = 08C617BC1E15B55E00A3ABDD /* HueInspiredTests.xctest */;
			productType = "com.apple.product-type.bundle.unit-test";
		};
		08C617C61E15B55E00A3ABDD /* HueInspiredUITests */ = {
			isa = PBXNativeTarget;
			buildConfigurationList = 08C617D61E15B55E00A3ABDD /* Build configuration list for PBXNativeTarget "HueInspiredUITests" */;
			buildPhases = (
				08C617C31E15B55E00A3ABDD /* Sources */,
				08C617C41E15B55E00A3ABDD /* Frameworks */,
				08C617C51E15B55E00A3ABDD /* Resources */,
			);
			buildRules = (
			);
			dependencies = (
				08C617C91E15B55E00A3ABDD /* PBXTargetDependency */,
			);
			name = HueInspiredUITests;
			productName = HueInspiredUITests;
			productReference = 08C617C71E15B55E00A3ABDD /* HueInspiredUITests.xctest */;
			productType = "com.apple.product-type.bundle.ui-testing";
		};
/* End PBXNativeTarget section */

/* Begin PBXProject section */
		08C6179D1E15B55D00A3ABDD /* Project object */ = {
			isa = PBXProject;
			attributes = {
				LastSwiftUpdateCheck = 0820;
				LastUpgradeCheck = 0820;
				ORGANIZATIONNAME = AshArthur;
				TargetAttributes = {
					08C617A41E15B55D00A3ABDD = {
						CreatedOnToolsVersion = 8.2;
						DevelopmentTeam = XHVABPF675;
						ProvisioningStyle = Automatic;
					};
					08C617BB1E15B55E00A3ABDD = {
						CreatedOnToolsVersion = 8.2;
						DevelopmentTeam = XHVABPF675;
						ProvisioningStyle = Automatic;
						TestTargetID = 08C617A41E15B55D00A3ABDD;
					};
					08C617C61E15B55E00A3ABDD = {
						CreatedOnToolsVersion = 8.2;
						DevelopmentTeam = XHVABPF675;
						ProvisioningStyle = Automatic;
						TestTargetID = 08C617A41E15B55D00A3ABDD;
					};
				};
			};
			buildConfigurationList = 08C617A01E15B55D00A3ABDD /* Build configuration list for PBXProject "HueInspired" */;
			compatibilityVersion = "Xcode 3.2";
			developmentRegion = English;
			hasScannedForEncodings = 0;
			knownRegions = (
				en,
				Base,
			);
			mainGroup = 08C6179C1E15B55D00A3ABDD;
			productRefGroup = 08C617A61E15B55D00A3ABDD /* Products */;
			projectDirPath = "";
			projectRoot = "";
			targets = (
				08C617A41E15B55D00A3ABDD /* HueInspired */,
				08C617BB1E15B55E00A3ABDD /* HueInspiredTests */,
				08C617C61E15B55E00A3ABDD /* HueInspiredUITests */,
			);
		};
/* End PBXProject section */

/* Begin PBXResourcesBuildPhase section */
		08C617A31E15B55D00A3ABDD /* Resources */ = {
			isa = PBXResourcesBuildPhase;
			buildActionMask = 2147483647;
			files = (
				08C617B61E15B55D00A3ABDD /* LaunchScreen.storyboard in Resources */,
				086116F51F0CE559008281CB /* flickr.plist in Resources */,
				08C617B31E15B55D00A3ABDD /* Assets.xcassets in Resources */,
				08C617AE1E15B55D00A3ABDD /* Main.storyboard in Resources */,
			);
			runOnlyForDeploymentPostprocessing = 0;
		};
		08C617BA1E15B55E00A3ABDD /* Resources */ = {
			isa = PBXResourcesBuildPhase;
			buildActionMask = 2147483647;
			files = (
				0845F1811E625A0000B43C99 /* testData_flickr_latest.json in Resources */,
			);
			runOnlyForDeploymentPostprocessing = 0;
		};
		08C617C51E15B55E00A3ABDD /* Resources */ = {
			isa = PBXResourcesBuildPhase;
			buildActionMask = 2147483647;
			files = (
				08FB0A301EA387A700316688 /* testAssets.xcassets in Resources */,
			);
			runOnlyForDeploymentPostprocessing = 0;
		};
/* End PBXResourcesBuildPhase section */

/* Begin PBXShellScriptBuildPhase section */
		0877A7D11E47CCAE00F6FDAB /* ShellScript */ = {
			isa = PBXShellScriptBuildPhase;
			buildActionMask = 2147483647;
			files = (
			);
			inputPaths = (
				"$(SRCROOT)/Carthage/Build/iOS/PromiseKit.framework",
				"$(SRCROOT)/Carthage/Build/iOS/FBSnapshotTestCase.framework",
			);
			outputPaths = (
			);
			runOnlyForDeploymentPostprocessing = 0;
			shellPath = /bin/sh;
			shellScript = "/usr/local/bin/carthage copy-frameworks\n";
		};
		088176031E2C2F5B00990137 /* ShellScript */ = {
			isa = PBXShellScriptBuildPhase;
			buildActionMask = 2147483647;
			files = (
			);
			inputPaths = (
				"$(SRCROOT)/Carthage/Build/iOS/PromiseKit.framework",
				"$(SRCROOT)/Carthage/Build/iOS/Swinject.framework",
				"$(SRCROOT)/Carthage/Build/iOS/SwinjectStoryboard.framework",
			);
			outputPaths = (
			);
			runOnlyForDeploymentPostprocessing = 0;
			shellPath = /bin/sh;
			shellScript = "/usr/local/bin/carthage copy-frameworks\n";
		};
/* End PBXShellScriptBuildPhase section */

/* Begin PBXSourcesBuildPhase section */
		08C617A11E15B55D00A3ABDD /* Sources */ = {
			isa = PBXSourcesBuildPhase;
			buildActionMask = 2147483647;
			files = (
				0853EBE11EBA5E9E00EFA5AC /* CDSColor.swift in Sources */,
				0877A7A31E41336500F6FDAB /* ColorPalette.swift in Sources */,
				088900F81E33FAC100FE9C7E /* CoreDataPaletteDataSource.swift in Sources */,
				0845F1871E66288C00B43C99 /* RootViewController.swift in Sources */,
				082B72B31E59C028006815D2 /* FlickrService.swift in Sources */,
				0845F1851E66279700B43C99 /* RootViewControllerDelegate.swift in Sources */,
				08C617AB1E15B55D00A3ABDD /* PaletteDetailViewController.swift in Sources */,
				088900F11E33F2B400FE9C7E /* PaletteViewTableCell.swift in Sources */,
				086116FE1F10F80C008281CB /* ImmutablePalette.swift in Sources */,
				08C617B11E15B55D00A3ABDD /* HueInspired.xcdatamodeld in Sources */,
				0832048C1E21982A0025F5FE /* SwatchCollectionCell.swift in Sources */,
				086117021F10F8CF008281CB /* ImmutablePalette+UserOwnedPalette.swift in Sources */,
				0877A7CC1E4296D100F6FDAB /* AppDelegate+Container.swift in Sources */,
				0869BFC21EAA380C009A0DE6 /* TabbarMenuButton.swift in Sources */,
				086116E81F09447A008281CB /* PaletteTableViewController+TableViewDelegate.swift in Sources */,
				0853EBDE1EBA5E9D00EFA5AC /* CDSSelectionSet.swift in Sources */,
				0877A7A01E40C00000F6FDAB /* TrendingPaletteDelegate.swift in Sources */,
				086117071F11715F008281CB /* CoreDataPaletteTableViewControllerDelegate.swift in Sources */,
				082B72B71E59E117006815D2 /* FlickrServiceSpec.swift in Sources */,
				08B657F21E7618CF009E391D /* LoadingCell.swift in Sources */,
				082B72AF1E589A74006815D2 /* NetworkingManager.swift in Sources */,
				08B657E61E736936009E391D /* PaletteDetailViewControllerDelegate.swift in Sources */,
				0861170A1F1267EF008281CB /* FlickrTrendingPhotoService.swift in Sources */,
				082424C91E9A4F41005EE80E /* ColorExtractor.swift in Sources */,
				086116F01F0C2EA4008281CB /* PaletteTableViewController+DisplayState.swift in Sources */,
				086117101F12B05B008281CB /* FlickrTrendingPhotoService+TrendingPaletteService.swift in Sources */,
				088175FE1E2C24DF00990137 /* FlickrPhoto.swift in Sources */,
				08C617E31E1822C300A3ABDD /* ImageLoader.swift in Sources */,
				08FB0A2E1E9EC98B00316688 /* CoreDataPaletteDataSource+TableDataSource.swift in Sources */,
				08A50E201E6EAB7A000E481D /* PaletteTableViewControllerDelegate.swift in Sources */,
				088900F31E33F3EB00FE9C7E /* PaletteTableViewController.swift in Sources */,
				086116EC1F094684008281CB /* RootViewController+UIImagePickerControllerDelegate.swift in Sources */,
				08C617A91E15B55D00A3ABDD /* AppDelegate.swift in Sources */,
				086116F21F0C3EA1008281CB /* UrlSession+Promisekit.swift in Sources */,
				0861170E1F12AFFB008281CB /* TrendingPaletteService.swift in Sources */,
				088900EC1E3022D300FE9C7E /* PaletteView.swift in Sources */,
				0853EBDF1EBA5E9E00EFA5AC /* CDSImageSource.swift in Sources */,
				08A50E221E6EABF6000E481D /* FavouritePaletteDelegate.swift in Sources */,
				086116DE1F06D170008281CB /* DataSourceFilter.swift in Sources */,
				082424C11E99040E005EE80E /* ColorSpaces.swift in Sources */,
				082424C51E997FAF005EE80E /* KDTree.swift in Sources */,
				086BA77A1E3CAE600054BBAE /* DataSource.swift in Sources */,
				088175E71E2A9C0200990137 /* Color.swift in Sources */,
				0853EBDD1EBA5E9D00EFA5AC /* CoreDataUtils.swift in Sources */,
				086116E01F06D1D9008281CB /* DataSourceObserver.swift in Sources */,
				08B657E41E7140F6009E391D /* ErrorHandler.swift in Sources */,
				0853EBE01EBA5E9E00EFA5AC /* CDSColorPalette.swift in Sources */,
			);
			runOnlyForDeploymentPostprocessing = 0;
		};
		08C617B81E15B55E00A3ABDD /* Sources */ = {
			isa = PBXSourcesBuildPhase;
			buildActionMask = 2147483647;
			files = (
				082424C31E992AA7005EE80E /* ColorSpaceTests.swift in Sources */,
				084E6BBE1E8DB4C800B10EA5 /* PaletteFavouriteTests.swift in Sources */,
				084522731E5E31B7008EE06B /* DataSourceTests.swift in Sources */,
				084522751E5E352D008EE06B /* CoreDataAssertMergeTests.swift in Sources */,
				084522711E5E315C008EE06B /* utils.swift in Sources */,
				082424C71E99A52C005EE80E /* KDTreeTestes.swift in Sources */,
				086116F71F0D86C9008281CB /* CoreDataAssertDeletionTests.swift in Sources */,
				0877A7D51E49FCBB00F6FDAB /* CDSPaletteTests.swift in Sources */,
				0861170C1F128D0E008281CB /* TrendingPaletteServiceTests.swift in Sources */,
				0877A7CE1E449D0F00F6FDAB /* RemotePaletteTests.swift in Sources */,
				086116FB1F0D923A008281CB /* CoreDataAssertFetchControllerTests.swift in Sources */,
				0853EBE71EBBC02F00EFA5AC /* CDSSelectionSetTests.swift in Sources */,
				082424CB1E9A9F69005EE80E /* ImageSamplingTests.swift in Sources */,
				082B72B51E59DD4A006815D2 /* FlickrServiceTests.swift in Sources */,
				084E6BBC1E8DB2B900B10EA5 /* SwinjectFactoryTests.swift in Sources */,
				086E911E1EBD122300599101 /* PaletteDetailViewTests.swift in Sources */,
				086116F91F0D90BA008281CB /* CoreDataAssertUniquenessTests.swift in Sources */,
			);
			runOnlyForDeploymentPostprocessing = 0;
		};
		08C617C31E15B55E00A3ABDD /* Sources */ = {
			isa = PBXSourcesBuildPhase;
			buildActionMask = 2147483647;
			files = (
				08C617CC1E15B55E00A3ABDD /* HueInspiredUITests.swift in Sources */,
			);
			runOnlyForDeploymentPostprocessing = 0;
		};
/* End PBXSourcesBuildPhase section */

/* Begin PBXTargetDependency section */
		08C617BE1E15B55E00A3ABDD /* PBXTargetDependency */ = {
			isa = PBXTargetDependency;
			target = 08C617A41E15B55D00A3ABDD /* HueInspired */;
			targetProxy = 08C617BD1E15B55E00A3ABDD /* PBXContainerItemProxy */;
		};
		08C617C91E15B55E00A3ABDD /* PBXTargetDependency */ = {
			isa = PBXTargetDependency;
			target = 08C617A41E15B55D00A3ABDD /* HueInspired */;
			targetProxy = 08C617C81E15B55E00A3ABDD /* PBXContainerItemProxy */;
		};
/* End PBXTargetDependency section */

/* Begin PBXVariantGroup section */
		08C617AC1E15B55D00A3ABDD /* Main.storyboard */ = {
			isa = PBXVariantGroup;
			children = (
				08C617AD1E15B55D00A3ABDD /* Base */,
			);
			name = Main.storyboard;
			sourceTree = "<group>";
		};
		08C617B41E15B55D00A3ABDD /* LaunchScreen.storyboard */ = {
			isa = PBXVariantGroup;
			children = (
				08C617B51E15B55D00A3ABDD /* Base */,
			);
			name = LaunchScreen.storyboard;
			sourceTree = "<group>";
		};
/* End PBXVariantGroup section */

/* Begin XCBuildConfiguration section */
		08C617CE1E15B55E00A3ABDD /* Debug */ = {
			isa = XCBuildConfiguration;
			buildSettings = {
				ALWAYS_SEARCH_USER_PATHS = NO;
				CLANG_ANALYZER_NONNULL = YES;
				CLANG_CXX_LANGUAGE_STANDARD = "gnu++0x";
				CLANG_CXX_LIBRARY = "libc++";
				CLANG_ENABLE_MODULES = YES;
				CLANG_ENABLE_OBJC_ARC = YES;
				CLANG_WARN_BOOL_CONVERSION = YES;
				CLANG_WARN_CONSTANT_CONVERSION = YES;
				CLANG_WARN_DIRECT_OBJC_ISA_USAGE = YES_ERROR;
				CLANG_WARN_DOCUMENTATION_COMMENTS = YES;
				CLANG_WARN_EMPTY_BODY = YES;
				CLANG_WARN_ENUM_CONVERSION = YES;
				CLANG_WARN_INFINITE_RECURSION = YES;
				CLANG_WARN_INT_CONVERSION = YES;
				CLANG_WARN_OBJC_ROOT_CLASS = YES_ERROR;
				CLANG_WARN_SUSPICIOUS_MOVE = YES;
				CLANG_WARN_UNREACHABLE_CODE = YES;
				CLANG_WARN__DUPLICATE_METHOD_MATCH = YES;
				"CODE_SIGN_IDENTITY[sdk=iphoneos*]" = "iPhone Developer";
				COPY_PHASE_STRIP = NO;
				DEBUG_INFORMATION_FORMAT = dwarf;
				ENABLE_STRICT_OBJC_MSGSEND = YES;
				ENABLE_TESTABILITY = YES;
				GCC_C_LANGUAGE_STANDARD = gnu99;
				GCC_DYNAMIC_NO_PIC = NO;
				GCC_NO_COMMON_BLOCKS = YES;
				GCC_OPTIMIZATION_LEVEL = 0;
				GCC_PREPROCESSOR_DEFINITIONS = (
					"DEBUG=1",
					"$(inherited)",
				);
				GCC_WARN_64_TO_32_BIT_CONVERSION = YES;
				GCC_WARN_ABOUT_RETURN_TYPE = YES_ERROR;
				GCC_WARN_UNDECLARED_SELECTOR = YES;
				GCC_WARN_UNINITIALIZED_AUTOS = YES_AGGRESSIVE;
				GCC_WARN_UNUSED_FUNCTION = YES;
				GCC_WARN_UNUSED_VARIABLE = YES;
				IPHONEOS_DEPLOYMENT_TARGET = 10.2;
				MTL_ENABLE_DEBUG_INFO = YES;
				ONLY_ACTIVE_ARCH = YES;
				SDKROOT = iphoneos;
				SWIFT_ACTIVE_COMPILATION_CONDITIONS = DEBUG;
				SWIFT_OPTIMIZATION_LEVEL = "-Onone";
				TARGETED_DEVICE_FAMILY = "1,2";
			};
			name = Debug;
		};
		08C617CF1E15B55E00A3ABDD /* Release */ = {
			isa = XCBuildConfiguration;
			buildSettings = {
				ALWAYS_SEARCH_USER_PATHS = NO;
				CLANG_ANALYZER_NONNULL = YES;
				CLANG_CXX_LANGUAGE_STANDARD = "gnu++0x";
				CLANG_CXX_LIBRARY = "libc++";
				CLANG_ENABLE_MODULES = YES;
				CLANG_ENABLE_OBJC_ARC = YES;
				CLANG_WARN_BOOL_CONVERSION = YES;
				CLANG_WARN_CONSTANT_CONVERSION = YES;
				CLANG_WARN_DIRECT_OBJC_ISA_USAGE = YES_ERROR;
				CLANG_WARN_DOCUMENTATION_COMMENTS = YES;
				CLANG_WARN_EMPTY_BODY = YES;
				CLANG_WARN_ENUM_CONVERSION = YES;
				CLANG_WARN_INFINITE_RECURSION = YES;
				CLANG_WARN_INT_CONVERSION = YES;
				CLANG_WARN_OBJC_ROOT_CLASS = YES_ERROR;
				CLANG_WARN_SUSPICIOUS_MOVE = YES;
				CLANG_WARN_UNREACHABLE_CODE = YES;
				CLANG_WARN__DUPLICATE_METHOD_MATCH = YES;
				"CODE_SIGN_IDENTITY[sdk=iphoneos*]" = "iPhone Developer";
				COPY_PHASE_STRIP = NO;
				DEBUG_INFORMATION_FORMAT = "dwarf-with-dsym";
				ENABLE_NS_ASSERTIONS = NO;
				ENABLE_STRICT_OBJC_MSGSEND = YES;
				GCC_C_LANGUAGE_STANDARD = gnu99;
				GCC_NO_COMMON_BLOCKS = YES;
				GCC_WARN_64_TO_32_BIT_CONVERSION = YES;
				GCC_WARN_ABOUT_RETURN_TYPE = YES_ERROR;
				GCC_WARN_UNDECLARED_SELECTOR = YES;
				GCC_WARN_UNINITIALIZED_AUTOS = YES_AGGRESSIVE;
				GCC_WARN_UNUSED_FUNCTION = YES;
				GCC_WARN_UNUSED_VARIABLE = YES;
				IPHONEOS_DEPLOYMENT_TARGET = 10.2;
				MTL_ENABLE_DEBUG_INFO = NO;
				SDKROOT = iphoneos;
				SWIFT_OPTIMIZATION_LEVEL = "-Owholemodule";
				TARGETED_DEVICE_FAMILY = "1,2";
				VALIDATE_PRODUCT = YES;
			};
			name = Release;
		};
		08C617D11E15B55E00A3ABDD /* Debug */ = {
			isa = XCBuildConfiguration;
			buildSettings = {
				ASSETCATALOG_COMPILER_APPICON_NAME = AppIcon;
				DEVELOPMENT_TEAM = XHVABPF675;
				FRAMEWORK_SEARCH_PATHS = (
					"$(inherited)",
					"$(PROJECT_DIR)/HueInspired/Carthage/Build/iOS",
					"$(PROJECT_DIR)/Carthage/Build/iOS",
				);
				INFOPLIST_FILE = HueInspired/Info.plist;
				LD_RUNPATH_SEARCH_PATHS = "$(inherited) @executable_path/Frameworks";
				PRODUCT_BUNDLE_IDENTIFIER = co.uk.ash.HueInspired;
				PRODUCT_NAME = "$(TARGET_NAME)";
				SWIFT_VERSION = 3.0;
			};
			name = Debug;
		};
		08C617D21E15B55E00A3ABDD /* Release */ = {
			isa = XCBuildConfiguration;
			buildSettings = {
				ASSETCATALOG_COMPILER_APPICON_NAME = AppIcon;
				DEVELOPMENT_TEAM = XHVABPF675;
				FRAMEWORK_SEARCH_PATHS = (
					"$(inherited)",
					"$(PROJECT_DIR)/HueInspired/Carthage/Build/iOS",
					"$(PROJECT_DIR)/Carthage/Build/iOS",
				);
				INFOPLIST_FILE = HueInspired/Info.plist;
				LD_RUNPATH_SEARCH_PATHS = "$(inherited) @executable_path/Frameworks";
				PRODUCT_BUNDLE_IDENTIFIER = co.uk.ash.HueInspired;
				PRODUCT_NAME = "$(TARGET_NAME)";
				SWIFT_VERSION = 3.0;
			};
			name = Release;
		};
		08C617D41E15B55E00A3ABDD /* Debug */ = {
			isa = XCBuildConfiguration;
			buildSettings = {
				ALWAYS_EMBED_SWIFT_STANDARD_LIBRARIES = YES;
				BUNDLE_LOADER = "$(TEST_HOST)";
				DEVELOPMENT_TEAM = XHVABPF675;
				FRAMEWORK_SEARCH_PATHS = (
					"$(inherited)",
					"$(PROJECT_DIR)/HueInspired/Carthage/Build/iOS",
					"$(PROJECT_DIR)/Carthage/Build/iOS",
				);
				INFOPLIST_FILE = HueInspiredTests/Info.plist;
				LD_RUNPATH_SEARCH_PATHS = "$(inherited) @executable_path/Frameworks @loader_path/Frameworks";
				PRODUCT_BUNDLE_IDENTIFIER = co.uk.ash.HueInspiredTests;
				PRODUCT_NAME = "$(TARGET_NAME)";
				SWIFT_VERSION = 3.0;
				TEST_HOST = "$(BUILT_PRODUCTS_DIR)/HueInspired.app/HueInspired";
			};
			name = Debug;
		};
		08C617D51E15B55E00A3ABDD /* Release */ = {
			isa = XCBuildConfiguration;
			buildSettings = {
				ALWAYS_EMBED_SWIFT_STANDARD_LIBRARIES = YES;
				BUNDLE_LOADER = "$(TEST_HOST)";
				DEVELOPMENT_TEAM = XHVABPF675;
				FRAMEWORK_SEARCH_PATHS = (
					"$(inherited)",
					"$(PROJECT_DIR)/HueInspired/Carthage/Build/iOS",
					"$(PROJECT_DIR)/Carthage/Build/iOS",
				);
				INFOPLIST_FILE = HueInspiredTests/Info.plist;
				LD_RUNPATH_SEARCH_PATHS = "$(inherited) @executable_path/Frameworks @loader_path/Frameworks";
				PRODUCT_BUNDLE_IDENTIFIER = co.uk.ash.HueInspiredTests;
				PRODUCT_NAME = "$(TARGET_NAME)";
				SWIFT_VERSION = 3.0;
				TEST_HOST = "$(BUILT_PRODUCTS_DIR)/HueInspired.app/HueInspired";
			};
			name = Release;
		};
		08C617D71E15B55E00A3ABDD /* Debug */ = {
			isa = XCBuildConfiguration;
			buildSettings = {
				ALWAYS_EMBED_SWIFT_STANDARD_LIBRARIES = YES;
				DEVELOPMENT_TEAM = XHVABPF675;
				INFOPLIST_FILE = HueInspiredUITests/Info.plist;
				LD_RUNPATH_SEARCH_PATHS = "$(inherited) @executable_path/Frameworks @loader_path/Frameworks";
				PRODUCT_BUNDLE_IDENTIFIER = co.uk.ash.HueInspiredUITests;
				PRODUCT_NAME = "$(TARGET_NAME)";
				SWIFT_VERSION = 3.0;
				TEST_TARGET_NAME = HueInspired;
			};
			name = Debug;
		};
		08C617D81E15B55E00A3ABDD /* Release */ = {
			isa = XCBuildConfiguration;
			buildSettings = {
				ALWAYS_EMBED_SWIFT_STANDARD_LIBRARIES = YES;
				DEVELOPMENT_TEAM = XHVABPF675;
				INFOPLIST_FILE = HueInspiredUITests/Info.plist;
				LD_RUNPATH_SEARCH_PATHS = "$(inherited) @executable_path/Frameworks @loader_path/Frameworks";
				PRODUCT_BUNDLE_IDENTIFIER = co.uk.ash.HueInspiredUITests;
				PRODUCT_NAME = "$(TARGET_NAME)";
				SWIFT_VERSION = 3.0;
				TEST_TARGET_NAME = HueInspired;
			};
			name = Release;
		};
/* End XCBuildConfiguration section */

/* Begin XCConfigurationList section */
		08C617A01E15B55D00A3ABDD /* Build configuration list for PBXProject "HueInspired" */ = {
			isa = XCConfigurationList;
			buildConfigurations = (
				08C617CE1E15B55E00A3ABDD /* Debug */,
				08C617CF1E15B55E00A3ABDD /* Release */,
			);
			defaultConfigurationIsVisible = 0;
			defaultConfigurationName = Release;
		};
		08C617D01E15B55E00A3ABDD /* Build configuration list for PBXNativeTarget "HueInspired" */ = {
			isa = XCConfigurationList;
			buildConfigurations = (
				08C617D11E15B55E00A3ABDD /* Debug */,
				08C617D21E15B55E00A3ABDD /* Release */,
			);
			defaultConfigurationIsVisible = 0;
			defaultConfigurationName = Release;
		};
		08C617D31E15B55E00A3ABDD /* Build configuration list for PBXNativeTarget "HueInspiredTests" */ = {
			isa = XCConfigurationList;
			buildConfigurations = (
				08C617D41E15B55E00A3ABDD /* Debug */,
				08C617D51E15B55E00A3ABDD /* Release */,
			);
			defaultConfigurationIsVisible = 0;
			defaultConfigurationName = Release;
		};
		08C617D61E15B55E00A3ABDD /* Build configuration list for PBXNativeTarget "HueInspiredUITests" */ = {
			isa = XCConfigurationList;
			buildConfigurations = (
				08C617D71E15B55E00A3ABDD /* Debug */,
				08C617D81E15B55E00A3ABDD /* Release */,
			);
			defaultConfigurationIsVisible = 0;
			defaultConfigurationName = Release;
		};
/* End XCConfigurationList section */

/* Begin XCVersionGroup section */
		08C617AF1E15B55D00A3ABDD /* HueInspired.xcdatamodeld */ = {
			isa = XCVersionGroup;
			children = (
				08C617B01E15B55D00A3ABDD /* HueInspired.xcdatamodel */,
			);
			currentVersion = 08C617B01E15B55D00A3ABDD /* HueInspired.xcdatamodel */;
			path = HueInspired.xcdatamodeld;
			sourceTree = "<group>";
			versionGroupType = wrapper.xcdatamodel;
		};
/* End XCVersionGroup section */
	};
	rootObject = 08C6179D1E15B55D00A3ABDD /* Project object */;
}
