// !$*UTF8*$!
{
	archiveVersion = 1;
	classes = {
	};
	objectVersion = 46;
	objects = {

/* Begin PBXBuildFile section */
		0800CBED1F24E2AB007BD916 /* MultipleDataTableViewController.swift in Sources */ = {isa = PBXBuildFile; fileRef = 0800CBEC1F24E2AB007BD916 /* MultipleDataTableViewController.swift */; };
		0800CBEF1F24EB26007BD916 /* MultipleDataTableViewControllerTests.swift in Sources */ = {isa = PBXBuildFile; fileRef = 0800CBEE1F24EB26007BD916 /* MultipleDataTableViewControllerTests.swift */; };
		0800CBF31F254A1A007BD916 /* ImagePickerDelegate+PaletteCreatorAdapter.swift in Sources */ = {isa = PBXBuildFile; fileRef = 0800CBF21F254A1A007BD916 /* ImagePickerDelegate+PaletteCreatorAdapter.swift */; };
		0800CC061F27E99D007BD916 /* AppAssembly.swift in Sources */ = {isa = PBXBuildFile; fileRef = 0800CC051F27E99D007BD916 /* AppAssembly.swift */; };
		0800CC081F27EAF6007BD916 /* PaletteManagerAssembly.swift in Sources */ = {isa = PBXBuildFile; fileRef = 0800CC071F27EAF6007BD916 /* PaletteManagerAssembly.swift */; };
		0800CC0B1F27ECBD007BD916 /* ViewControllerAssembly.swift in Sources */ = {isa = PBXBuildFile; fileRef = 0800CC0A1F27ECBD007BD916 /* ViewControllerAssembly.swift */; };
		082424C11E99040E005EE80E /* ColorSpaces.swift in Sources */ = {isa = PBXBuildFile; fileRef = 082424C01E99040E005EE80E /* ColorSpaces.swift */; };
		082424C31E992AA7005EE80E /* ColorSpaceTests.swift in Sources */ = {isa = PBXBuildFile; fileRef = 082424C21E992AA7005EE80E /* ColorSpaceTests.swift */; };
		082424C51E997FAF005EE80E /* KDTree.swift in Sources */ = {isa = PBXBuildFile; fileRef = 082424C41E997FAF005EE80E /* KDTree.swift */; };
		082424C71E99A52C005EE80E /* KDTreeTestes.swift in Sources */ = {isa = PBXBuildFile; fileRef = 082424C61E99A52C005EE80E /* KDTreeTestes.swift */; };
		082424C91E9A4F41005EE80E /* ColorExtractor.swift in Sources */ = {isa = PBXBuildFile; fileRef = 082424C81E9A4F41005EE80E /* ColorExtractor.swift */; };
		082424CB1E9A9F69005EE80E /* ImageSamplingTests.swift in Sources */ = {isa = PBXBuildFile; fileRef = 082424CA1E9A9F69005EE80E /* ImageSamplingTests.swift */; };
		082B72AF1E589A74006815D2 /* NetworkingManager.swift in Sources */ = {isa = PBXBuildFile; fileRef = 082B72AE1E589A74006815D2 /* NetworkingManager.swift */; };
		082B72B31E59C028006815D2 /* FlickrService.swift in Sources */ = {isa = PBXBuildFile; fileRef = 082B72B21E59C028006815D2 /* FlickrService.swift */; };
		082B72B51E59DD4A006815D2 /* FlickrServiceTests.swift in Sources */ = {isa = PBXBuildFile; fileRef = 082B72B41E59DD4A006815D2 /* FlickrServiceTests.swift */; };
		082B72B71E59E117006815D2 /* FlickrServiceSpec.swift in Sources */ = {isa = PBXBuildFile; fileRef = 082B72B61E59E117006815D2 /* FlickrServiceSpec.swift */; };
		0832048C1E21982A0025F5FE /* SwatchCollectionCell.swift in Sources */ = {isa = PBXBuildFile; fileRef = 0832048B1E21982A0025F5FE /* SwatchCollectionCell.swift */; };
		08445B0F1F1C1679003B837D /* Onboarding.storyboard in Resources */ = {isa = PBXBuildFile; fileRef = 08445B0D1F1C1679003B837D /* Onboarding.storyboard */; };
		08445B151F1CAD85003B837D /* UIWindow+CustomNotification.swift in Sources */ = {isa = PBXBuildFile; fileRef = 08445B141F1CAD85003B837D /* UIWindow+CustomNotification.swift */; };
		08445B171F1CB008003B837D /* OnBoardingService.swift in Sources */ = {isa = PBXBuildFile; fileRef = 08445B161F1CB008003B837D /* OnBoardingService.swift */; };
		08445B191F1CB133003B837D /* OnBoardingAssembly.swift in Sources */ = {isa = PBXBuildFile; fileRef = 08445B181F1CB133003B837D /* OnBoardingAssembly.swift */; };
		08445B1B1F1CBCBD003B837D /* OnBoardingContentViewController.swift in Sources */ = {isa = PBXBuildFile; fileRef = 08445B1A1F1CBCBD003B837D /* OnBoardingContentViewController.swift */; };
		08445B1D1F1CCA8E003B837D /* OnBoardingPageViewController.swift in Sources */ = {isa = PBXBuildFile; fileRef = 08445B1C1F1CCA8E003B837D /* OnBoardingPageViewController.swift */; };
		08445B221F1CFACE003B837D /* PhotoPaletteViewTableCell.swift in Sources */ = {isa = PBXBuildFile; fileRef = 08445B211F1CFACE003B837D /* PhotoPaletteViewTableCell.swift */; };
		08445B241F1D13A3003B837D /* String+Base64Encode.swift in Sources */ = {isa = PBXBuildFile; fileRef = 08445B231F1D13A3003B837D /* String+Base64Encode.swift */; };
		08445B261F1D4ACB003B837D /* ActionContainer.swift in Sources */ = {isa = PBXBuildFile; fileRef = 08445B251F1D4ACB003B837D /* ActionContainer.swift */; };
		08445B281F1EA7D9003B837D /* PaletteCreator.swift in Sources */ = {isa = PBXBuildFile; fileRef = 08445B271F1EA7D9003B837D /* PaletteCreator.swift */; };
		08445B311F214D13003B837D /* ActionContainer+UserPaletteDetails.swift in Sources */ = {isa = PBXBuildFile; fileRef = 08445B301F214D13003B837D /* ActionContainer+UserPaletteDetails.swift */; };
		08445B341F23AACF003B837D /* TemporaryPaletteDataSource.swift in Sources */ = {isa = PBXBuildFile; fileRef = 08445B331F23AACF003B837D /* TemporaryPaletteDataSource.swift */; };
		08445B381F23E9C7003B837D /* Base64EncodingTests.swift in Sources */ = {isa = PBXBuildFile; fileRef = 08445B371F23E9C7003B837D /* Base64EncodingTests.swift */; };
		08445B3D1F23F054003B837D /* PersistenceAssembly+Debug.swift in Sources */ = {isa = PBXBuildFile; fileRef = 08445B3C1F23F054003B837D /* PersistenceAssembly+Debug.swift */; };
		08445B3F1F23F3A0003B837D /* ActionControllerTests.swift in Sources */ = {isa = PBXBuildFile; fileRef = 08445B3E1F23F3A0003B837D /* ActionControllerTests.swift */; };
		08445B421F240CFC003B837D /* CommandLineArgs.swift in Sources */ = {isa = PBXBuildFile; fileRef = 08445B411F240CFC003B837D /* CommandLineArgs.swift */; };
		08445B441F24B588003B837D /* CardView.swift in Sources */ = {isa = PBXBuildFile; fileRef = 08445B431F24B588003B837D /* CardView.swift */; };
		084522711E5E315C008EE06B /* utils.swift in Sources */ = {isa = PBXBuildFile; fileRef = 084522701E5E315C008EE06B /* utils.swift */; };
		084522731E5E31B7008EE06B /* DataSourceTests.swift in Sources */ = {isa = PBXBuildFile; fileRef = 084522721E5E31B7008EE06B /* DataSourceTests.swift */; };
		084522751E5E352D008EE06B /* CoreDataAssertMergeTests.swift in Sources */ = {isa = PBXBuildFile; fileRef = 084522741E5E352D008EE06B /* CoreDataAssertMergeTests.swift */; };
		0845F1811E625A0000B43C99 /* testData_flickr_latest.json in Resources */ = {isa = PBXBuildFile; fileRef = 0845F1801E625A0000B43C99 /* testData_flickr_latest.json */; };
		0845F1851E66279700B43C99 /* RootViewControllerPaletteCreatorDelegate.swift in Sources */ = {isa = PBXBuildFile; fileRef = 0845F1841E66279700B43C99 /* RootViewControllerPaletteCreatorDelegate.swift */; };
		0845F1871E66288C00B43C99 /* RootViewController.swift in Sources */ = {isa = PBXBuildFile; fileRef = 0845F1861E66288C00B43C99 /* RootViewController.swift */; };
		084E6BBE1E8DB4C800B10EA5 /* PaletteFavouriteTests.swift in Sources */ = {isa = PBXBuildFile; fileRef = 084E6BBD1E8DB4C800B10EA5 /* PaletteFavouriteTests.swift */; };
		0853EBDD1EBA5E9D00EFA5AC /* CoreDataUtils.swift in Sources */ = {isa = PBXBuildFile; fileRef = 0853EBD81EBA5E9D00EFA5AC /* CoreDataUtils.swift */; };
		0853EBDE1EBA5E9D00EFA5AC /* CDSSelectionSet.swift in Sources */ = {isa = PBXBuildFile; fileRef = 0853EBD91EBA5E9D00EFA5AC /* CDSSelectionSet.swift */; };
		0853EBDF1EBA5E9E00EFA5AC /* CDSImageSource.swift in Sources */ = {isa = PBXBuildFile; fileRef = 0853EBDA1EBA5E9D00EFA5AC /* CDSImageSource.swift */; };
		0853EBE01EBA5E9E00EFA5AC /* CDSColorPalette.swift in Sources */ = {isa = PBXBuildFile; fileRef = 0853EBDB1EBA5E9D00EFA5AC /* CDSColorPalette.swift */; };
		0853EBE11EBA5E9E00EFA5AC /* CDSColor.swift in Sources */ = {isa = PBXBuildFile; fileRef = 0853EBDC1EBA5E9D00EFA5AC /* CDSColor.swift */; };
		0853EBE71EBBC02F00EFA5AC /* CDSSelectionSetTests.swift in Sources */ = {isa = PBXBuildFile; fileRef = 0853EBE61EBBC02F00EFA5AC /* CDSSelectionSetTests.swift */; };
		086116DE1F06D170008281CB /* DataSourceFilter.swift in Sources */ = {isa = PBXBuildFile; fileRef = 086116DD1F06D170008281CB /* DataSourceFilter.swift */; };
		086116E01F06D1D9008281CB /* DataSourceObserver.swift in Sources */ = {isa = PBXBuildFile; fileRef = 086116DF1F06D1D9008281CB /* DataSourceObserver.swift */; };
		086116E81F09447A008281CB /* PaletteTableViewController+TableViewDelegate.swift in Sources */ = {isa = PBXBuildFile; fileRef = 086116E71F09447A008281CB /* PaletteTableViewController+TableViewDelegate.swift */; };
		086116F01F0C2EA4008281CB /* PaletteTableViewController+DisplayState.swift in Sources */ = {isa = PBXBuildFile; fileRef = 086116EF1F0C2EA4008281CB /* PaletteTableViewController+DisplayState.swift */; };
		086116F21F0C3EA1008281CB /* UrlSession+Promisekit.swift in Sources */ = {isa = PBXBuildFile; fileRef = 086116F11F0C3EA1008281CB /* UrlSession+Promisekit.swift */; };
		086116F51F0CE559008281CB /* flickr.plist in Resources */ = {isa = PBXBuildFile; fileRef = 086116F41F0CE559008281CB /* flickr.plist */; };
		086116F71F0D86C9008281CB /* CoreDataAssertDeletionTests.swift in Sources */ = {isa = PBXBuildFile; fileRef = 086116F61F0D86C9008281CB /* CoreDataAssertDeletionTests.swift */; };
		086116F91F0D90BA008281CB /* CoreDataAssertUniquenessTests.swift in Sources */ = {isa = PBXBuildFile; fileRef = 086116F81F0D90BA008281CB /* CoreDataAssertUniquenessTests.swift */; };
		086116FB1F0D923A008281CB /* CoreDataAssertFetchControllerTests.swift in Sources */ = {isa = PBXBuildFile; fileRef = 086116FA1F0D923A008281CB /* CoreDataAssertFetchControllerTests.swift */; };
		086116FE1F10F80C008281CB /* ImmutablePalette.swift in Sources */ = {isa = PBXBuildFile; fileRef = 086116FD1F10F80C008281CB /* ImmutablePalette.swift */; };
		086117021F10F8CF008281CB /* ImmutablePalette+UserOwnedPalette.swift in Sources */ = {isa = PBXBuildFile; fileRef = 086117011F10F8CF008281CB /* ImmutablePalette+UserOwnedPalette.swift */; };
		086117071F11715F008281CB /* CoreDataPaletteTableViewControllerDelegate.swift in Sources */ = {isa = PBXBuildFile; fileRef = 086117061F11715F008281CB /* CoreDataPaletteTableViewControllerDelegate.swift */; };
		0861170A1F1267EF008281CB /* FlickrTrendingPhotoService.swift in Sources */ = {isa = PBXBuildFile; fileRef = 086117091F1267EF008281CB /* FlickrTrendingPhotoService.swift */; };
		0861170C1F128D0E008281CB /* TrendingPaletteServiceTests.swift in Sources */ = {isa = PBXBuildFile; fileRef = 0861170B1F128D0E008281CB /* TrendingPaletteServiceTests.swift */; };
		0861170E1F12AFFB008281CB /* TrendingPaletteService.swift in Sources */ = {isa = PBXBuildFile; fileRef = 0861170D1F12AFFB008281CB /* TrendingPaletteService.swift */; };
		086117101F12B05B008281CB /* FlickrTrendingPhotoService+TrendingPaletteService.swift in Sources */ = {isa = PBXBuildFile; fileRef = 0861170F1F12B05B008281CB /* FlickrTrendingPhotoService+TrendingPaletteService.swift */; };
		086117161F13420E008281CB /* PreferenceRegistry.swift in Sources */ = {isa = PBXBuildFile; fileRef = 086117151F13420E008281CB /* PreferenceRegistry.swift */; };
		086117181F134EC1008281CB /* FlickrTrendingPhotoService+Preferences.swift in Sources */ = {isa = PBXBuildFile; fileRef = 086117171F134EC1008281CB /* FlickrTrendingPhotoService+Preferences.swift */; };
		0861171A1F157ADD008281CB /* PaletteViewControllerDelegateTests.swift in Sources */ = {isa = PBXBuildFile; fileRef = 086117191F157ADD008281CB /* PaletteViewControllerDelegateTests.swift */; };
		0861171D1F15F94D008281CB /* MockDataSource.swift in Sources */ = {isa = PBXBuildFile; fileRef = 0861171C1F15F94D008281CB /* MockDataSource.swift */; };
		0861171F1F1655F0008281CB /* UserPaletteDetails.swift in Sources */ = {isa = PBXBuildFile; fileRef = 0861171E1F1655F0008281CB /* UserPaletteDetails.swift */; };
		086117221F181A4E008281CB /* PaletteDetailViewController+UserPaletteDetails.swift in Sources */ = {isa = PBXBuildFile; fileRef = 086117211F181A4E008281CB /* PaletteDetailViewController+UserPaletteDetails.swift */; };
		086117241F1A247D008281CB /* PaletteTableViewController+TableViewDataSource.swift in Sources */ = {isa = PBXBuildFile; fileRef = 086117231F1A247D008281CB /* PaletteTableViewController+TableViewDataSource.swift */; };
		086117261F1B998D008281CB /* TrendingPaletteViewControllerDelegateTests.swift in Sources */ = {isa = PBXBuildFile; fileRef = 086117251F1B998D008281CB /* TrendingPaletteViewControllerDelegateTests.swift */; };
		086117281F1B9CC3008281CB /* MockViewControllers.swift in Sources */ = {isa = PBXBuildFile; fileRef = 086117271F1B9CC3008281CB /* MockViewControllers.swift */; };
		0861172C1F1BA925008281CB /* PaletteTableViewControllerTests.swift in Sources */ = {isa = PBXBuildFile; fileRef = 0861172B1F1BA925008281CB /* PaletteTableViewControllerTests.swift */; };
		086117311F1BFC84008281CB /* PersistenceAssembly.swift in Sources */ = {isa = PBXBuildFile; fileRef = 086117301F1BFC84008281CB /* PersistenceAssembly.swift */; };
		086117331F1BFCDB008281CB /* NetworkAssembly.swift in Sources */ = {isa = PBXBuildFile; fileRef = 086117321F1BFCDB008281CB /* NetworkAssembly.swift */; };
		086117351F1BFE90008281CB /* DataSourceAssembly.swift in Sources */ = {isa = PBXBuildFile; fileRef = 086117341F1BFE90008281CB /* DataSourceAssembly.swift */; };
		086117371F1BFF1D008281CB /* PaletteCreatorAssembly.swift in Sources */ = {isa = PBXBuildFile; fileRef = 086117361F1BFF1D008281CB /* PaletteCreatorAssembly.swift */; };
		0869BFC21EAA380C009A0DE6 /* TabbarMenuButton.swift in Sources */ = {isa = PBXBuildFile; fileRef = 0869BFC11EAA380C009A0DE6 /* TabbarMenuButton.swift */; };
		086BA77A1E3CAE600054BBAE /* DataSource.swift in Sources */ = {isa = PBXBuildFile; fileRef = 086BA7791E3CAE600054BBAE /* DataSource.swift */; };
		086E911C1EBD10FC00599101 /* FBSnapshotTestCase.framework in Frameworks */ = {isa = PBXBuildFile; fileRef = 086E911B1EBD10FC00599101 /* FBSnapshotTestCase.framework */; };
		086E911E1EBD122300599101 /* PaletteDetailViewTests.swift in Sources */ = {isa = PBXBuildFile; fileRef = 086E911D1EBD122300599101 /* PaletteDetailViewTests.swift */; };
		0877A7A01E40C00000F6FDAB /* TrendingPaletteDelegate.swift in Sources */ = {isa = PBXBuildFile; fileRef = 0877A79F1E40C00000F6FDAB /* TrendingPaletteDelegate.swift */; };
		0877A7A31E41336500F6FDAB /* ColorPalette.swift in Sources */ = {isa = PBXBuildFile; fileRef = 0877A7A21E41336500F6FDAB /* ColorPalette.swift */; };
		0877A7CE1E449D0F00F6FDAB /* RemotePaletteTests.swift in Sources */ = {isa = PBXBuildFile; fileRef = 0877A7CD1E449D0F00F6FDAB /* RemotePaletteTests.swift */; };
		0877A7D51E49FCBB00F6FDAB /* CDSPaletteTests.swift in Sources */ = {isa = PBXBuildFile; fileRef = 0877A7D41E49FCBB00F6FDAB /* CDSPaletteTests.swift */; };
		088175E71E2A9C0200990137 /* Color.swift in Sources */ = {isa = PBXBuildFile; fileRef = 088175E61E2A9C0200990137 /* Color.swift */; };
		088175F91E2C1C3700990137 /* PromiseKit.framework in Frameworks */ = {isa = PBXBuildFile; fileRef = 088175F81E2C1C3700990137 /* PromiseKit.framework */; settings = {ATTRIBUTES = (Required, ); }; };
		088175FE1E2C24DF00990137 /* FlickrPhoto.swift in Sources */ = {isa = PBXBuildFile; fileRef = 088175FD1E2C24DF00990137 /* FlickrPhoto.swift */; };
		088900EC1E3022D300FE9C7E /* PaletteView.swift in Sources */ = {isa = PBXBuildFile; fileRef = 088900EB1E3022D300FE9C7E /* PaletteView.swift */; };
		088900F11E33F2B400FE9C7E /* PaletteViewTableCell.swift in Sources */ = {isa = PBXBuildFile; fileRef = 088900F01E33F2B400FE9C7E /* PaletteViewTableCell.swift */; };
		088900F31E33F3EB00FE9C7E /* PaletteTableViewController.swift in Sources */ = {isa = PBXBuildFile; fileRef = 088900F21E33F3EB00FE9C7E /* PaletteTableViewController.swift */; };
		088900F81E33FAC100FE9C7E /* CoreDataPaletteDataSource.swift in Sources */ = {isa = PBXBuildFile; fileRef = 088900F71E33FAC100FE9C7E /* CoreDataPaletteDataSource.swift */; };
		08A50E201E6EAB7A000E481D /* PaletteTableViewControllerDelegate.swift in Sources */ = {isa = PBXBuildFile; fileRef = 08A50E1F1E6EAB7A000E481D /* PaletteTableViewControllerDelegate.swift */; };
		08A50E221E6EABF6000E481D /* FavouritePaletteDelegate.swift in Sources */ = {isa = PBXBuildFile; fileRef = 08A50E211E6EABF6000E481D /* FavouritePaletteDelegate.swift */; };
		08B657E41E7140F6009E391D /* ErrorHandler.swift in Sources */ = {isa = PBXBuildFile; fileRef = 08B657E31E7140F6009E391D /* ErrorHandler.swift */; };
		08B657E61E736936009E391D /* PaletteDetailViewControllerDelegate.swift in Sources */ = {isa = PBXBuildFile; fileRef = 08B657E51E736936009E391D /* PaletteDetailViewControllerDelegate.swift */; };
		08C617A91E15B55D00A3ABDD /* AppDelegate.swift in Sources */ = {isa = PBXBuildFile; fileRef = 08C617A81E15B55D00A3ABDD /* AppDelegate.swift */; };
		08C617AB1E15B55D00A3ABDD /* PaletteDetailViewController.swift in Sources */ = {isa = PBXBuildFile; fileRef = 08C617AA1E15B55D00A3ABDD /* PaletteDetailViewController.swift */; };
		08C617AE1E15B55D00A3ABDD /* Main.storyboard in Resources */ = {isa = PBXBuildFile; fileRef = 08C617AC1E15B55D00A3ABDD /* Main.storyboard */; };
		08C617B11E15B55D00A3ABDD /* HueInspired.xcdatamodeld in Sources */ = {isa = PBXBuildFile; fileRef = 08C617AF1E15B55D00A3ABDD /* HueInspired.xcdatamodeld */; };
		08C617B31E15B55D00A3ABDD /* Assets.xcassets in Resources */ = {isa = PBXBuildFile; fileRef = 08C617B21E15B55D00A3ABDD /* Assets.xcassets */; };
		08C617B61E15B55D00A3ABDD /* LaunchScreen.storyboard in Resources */ = {isa = PBXBuildFile; fileRef = 08C617B41E15B55D00A3ABDD /* LaunchScreen.storyboard */; };
		08C617CC1E15B55E00A3ABDD /* HueInspiredUITests.swift in Sources */ = {isa = PBXBuildFile; fileRef = 08C617CB1E15B55E00A3ABDD /* HueInspiredUITests.swift */; };
		08C617E31E1822C300A3ABDD /* ImageLoader.swift in Sources */ = {isa = PBXBuildFile; fileRef = 08C617E21E1822C300A3ABDD /* ImageLoader.swift */; };
		08DD00021E86C8B900400719 /* SwinjectStoryboard.framework in Frameworks */ = {isa = PBXBuildFile; fileRef = 08DD00001E86C8B900400719 /* SwinjectStoryboard.framework */; };
		08DD00031E86C8B900400719 /* Swinject.framework in Frameworks */ = {isa = PBXBuildFile; fileRef = 08DD00011E86C8B900400719 /* Swinject.framework */; };
		08EBB3BB1E899C8800F0E577 /* PromiseKit.framework in Frameworks */ = {isa = PBXBuildFile; fileRef = 088175F81E2C1C3700990137 /* PromiseKit.framework */; };
		08FB0A301EA387A700316688 /* testAssets.xcassets in Resources */ = {isa = PBXBuildFile; fileRef = 08FB0A2F1EA387A700316688 /* testAssets.xcassets */; };
/* End PBXBuildFile section */

/* Begin PBXContainerItemProxy section */
		08C617BD1E15B55E00A3ABDD /* PBXContainerItemProxy */ = {
			isa = PBXContainerItemProxy;
			containerPortal = 08C6179D1E15B55D00A3ABDD /* Project object */;
			proxyType = 1;
			remoteGlobalIDString = 08C617A41E15B55D00A3ABDD;
			remoteInfo = HueInspired;
		};
		08C617C81E15B55E00A3ABDD /* PBXContainerItemProxy */ = {
			isa = PBXContainerItemProxy;
			containerPortal = 08C6179D1E15B55D00A3ABDD /* Project object */;
			proxyType = 1;
			remoteGlobalIDString = 08C617A41E15B55D00A3ABDD;
			remoteInfo = HueInspired;
		};
/* End PBXContainerItemProxy section */

/* Begin PBXFileReference section */
		0800CBEC1F24E2AB007BD916 /* MultipleDataTableViewController.swift */ = {isa = PBXFileReference; fileEncoding = 4; lastKnownFileType = sourcecode.swift; name = MultipleDataTableViewController.swift; path = ViewController/MultipleDataTableViewController.swift; sourceTree = "<group>"; };
		0800CBEE1F24EB26007BD916 /* MultipleDataTableViewControllerTests.swift */ = {isa = PBXFileReference; fileEncoding = 4; lastKnownFileType = sourcecode.swift; path = MultipleDataTableViewControllerTests.swift; sourceTree = "<group>"; };
		0800CBF21F254A1A007BD916 /* ImagePickerDelegate+PaletteCreatorAdapter.swift */ = {isa = PBXFileReference; fileEncoding = 4; lastKnownFileType = sourcecode.swift; name = "ImagePickerDelegate+PaletteCreatorAdapter.swift"; path = "ViewController/ImagePickerDelegate+PaletteCreatorAdapter.swift"; sourceTree = "<group>"; };
		0800CC051F27E99D007BD916 /* AppAssembly.swift */ = {isa = PBXFileReference; fileEncoding = 4; lastKnownFileType = sourcecode.swift; path = AppAssembly.swift; sourceTree = "<group>"; };
		0800CC071F27EAF6007BD916 /* PaletteManagerAssembly.swift */ = {isa = PBXFileReference; fileEncoding = 4; lastKnownFileType = sourcecode.swift; path = PaletteManagerAssembly.swift; sourceTree = "<group>"; };
		0800CC0A1F27ECBD007BD916 /* ViewControllerAssembly.swift */ = {isa = PBXFileReference; fileEncoding = 4; lastKnownFileType = sourcecode.swift; path = ViewControllerAssembly.swift; sourceTree = "<group>"; };
		082424C01E99040E005EE80E /* ColorSpaces.swift */ = {isa = PBXFileReference; fileEncoding = 4; lastKnownFileType = sourcecode.swift; path = ColorSpaces.swift; sourceTree = "<group>"; };
		082424C21E992AA7005EE80E /* ColorSpaceTests.swift */ = {isa = PBXFileReference; fileEncoding = 4; lastKnownFileType = sourcecode.swift; path = ColorSpaceTests.swift; sourceTree = "<group>"; };
		082424C41E997FAF005EE80E /* KDTree.swift */ = {isa = PBXFileReference; fileEncoding = 4; lastKnownFileType = sourcecode.swift; path = KDTree.swift; sourceTree = "<group>"; };
		082424C61E99A52C005EE80E /* KDTreeTestes.swift */ = {isa = PBXFileReference; fileEncoding = 4; lastKnownFileType = sourcecode.swift; path = KDTreeTestes.swift; sourceTree = "<group>"; };
		082424C81E9A4F41005EE80E /* ColorExtractor.swift */ = {isa = PBXFileReference; fileEncoding = 4; lastKnownFileType = sourcecode.swift; path = ColorExtractor.swift; sourceTree = "<group>"; };
		082424CA1E9A9F69005EE80E /* ImageSamplingTests.swift */ = {isa = PBXFileReference; fileEncoding = 4; lastKnownFileType = sourcecode.swift; path = ImageSamplingTests.swift; sourceTree = "<group>"; };
		082B72AE1E589A74006815D2 /* NetworkingManager.swift */ = {isa = PBXFileReference; fileEncoding = 4; lastKnownFileType = sourcecode.swift; name = NetworkingManager.swift; path = Networking/NetworkingManager.swift; sourceTree = "<group>"; };
		082B72B21E59C028006815D2 /* FlickrService.swift */ = {isa = PBXFileReference; fileEncoding = 4; lastKnownFileType = sourcecode.swift; path = FlickrService.swift; sourceTree = "<group>"; };
		082B72B41E59DD4A006815D2 /* FlickrServiceTests.swift */ = {isa = PBXFileReference; fileEncoding = 4; lastKnownFileType = sourcecode.swift; path = FlickrServiceTests.swift; sourceTree = "<group>"; };
		082B72B61E59E117006815D2 /* FlickrServiceSpec.swift */ = {isa = PBXFileReference; fileEncoding = 4; lastKnownFileType = sourcecode.swift; path = FlickrServiceSpec.swift; sourceTree = "<group>"; };
		0832048B1E21982A0025F5FE /* SwatchCollectionCell.swift */ = {isa = PBXFileReference; fileEncoding = 4; lastKnownFileType = sourcecode.swift; path = SwatchCollectionCell.swift; sourceTree = "<group>"; };
		08445B0E1F1C1679003B837D /* Base */ = {isa = PBXFileReference; lastKnownFileType = file.storyboard; name = Base; path = Base.lproj/Onboarding.storyboard; sourceTree = "<group>"; };
		08445B141F1CAD85003B837D /* UIWindow+CustomNotification.swift */ = {isa = PBXFileReference; fileEncoding = 4; lastKnownFileType = sourcecode.swift; path = "UIWindow+CustomNotification.swift"; sourceTree = "<group>"; };
		08445B161F1CB008003B837D /* OnBoardingService.swift */ = {isa = PBXFileReference; fileEncoding = 4; lastKnownFileType = sourcecode.swift; name = OnBoardingService.swift; path = Networking/OnBoardingService.swift; sourceTree = "<group>"; };
		08445B181F1CB133003B837D /* OnBoardingAssembly.swift */ = {isa = PBXFileReference; fileEncoding = 4; lastKnownFileType = sourcecode.swift; name = OnBoardingAssembly.swift; path = Assembly/OnBoardingAssembly.swift; sourceTree = "<group>"; };
		08445B1A1F1CBCBD003B837D /* OnBoardingContentViewController.swift */ = {isa = PBXFileReference; fileEncoding = 4; lastKnownFileType = sourcecode.swift; path = OnBoardingContentViewController.swift; sourceTree = "<group>"; };
		08445B1C1F1CCA8E003B837D /* OnBoardingPageViewController.swift */ = {isa = PBXFileReference; fileEncoding = 4; lastKnownFileType = sourcecode.swift; path = OnBoardingPageViewController.swift; sourceTree = "<group>"; };
		08445B211F1CFACE003B837D /* PhotoPaletteViewTableCell.swift */ = {isa = PBXFileReference; fileEncoding = 4; lastKnownFileType = sourcecode.swift; path = PhotoPaletteViewTableCell.swift; sourceTree = "<group>"; };
		08445B231F1D13A3003B837D /* String+Base64Encode.swift */ = {isa = PBXFileReference; fileEncoding = 4; lastKnownFileType = sourcecode.swift; path = "String+Base64Encode.swift"; sourceTree = "<group>"; };
		08445B251F1D4ACB003B837D /* ActionContainer.swift */ = {isa = PBXFileReference; fileEncoding = 4; lastKnownFileType = sourcecode.swift; path = ActionContainer.swift; sourceTree = "<group>"; };
		08445B271F1EA7D9003B837D /* PaletteCreator.swift */ = {isa = PBXFileReference; fileEncoding = 4; lastKnownFileType = sourcecode.swift; name = PaletteCreator.swift; path = ViewController/Protocols/PaletteCreator.swift; sourceTree = "<group>"; };
		08445B301F214D13003B837D /* ActionContainer+UserPaletteDetails.swift */ = {isa = PBXFileReference; fileEncoding = 4; lastKnownFileType = sourcecode.swift; path = "ActionContainer+UserPaletteDetails.swift"; sourceTree = "<group>"; };
		08445B331F23AACF003B837D /* TemporaryPaletteDataSource.swift */ = {isa = PBXFileReference; fileEncoding = 4; lastKnownFileType = sourcecode.swift; path = TemporaryPaletteDataSource.swift; sourceTree = "<group>"; };
		08445B371F23E9C7003B837D /* Base64EncodingTests.swift */ = {isa = PBXFileReference; fileEncoding = 4; lastKnownFileType = sourcecode.swift; path = Base64EncodingTests.swift; sourceTree = "<group>"; };
		08445B3C1F23F054003B837D /* PersistenceAssembly+Debug.swift */ = {isa = PBXFileReference; fileEncoding = 4; lastKnownFileType = sourcecode.swift; name = "PersistenceAssembly+Debug.swift"; path = "Assembly/PersistenceAssembly+Debug.swift"; sourceTree = "<group>"; };
		08445B3E1F23F3A0003B837D /* ActionControllerTests.swift */ = {isa = PBXFileReference; fileEncoding = 4; lastKnownFileType = sourcecode.swift; path = ActionControllerTests.swift; sourceTree = "<group>"; };
		08445B411F240CFC003B837D /* CommandLineArgs.swift */ = {isa = PBXFileReference; fileEncoding = 4; lastKnownFileType = sourcecode.swift; path = CommandLineArgs.swift; sourceTree = "<group>"; };
		08445B431F24B588003B837D /* CardView.swift */ = {isa = PBXFileReference; fileEncoding = 4; lastKnownFileType = sourcecode.swift; name = CardView.swift; path = ../Views/CardView.swift; sourceTree = "<group>"; };
		084522701E5E315C008EE06B /* utils.swift */ = {isa = PBXFileReference; fileEncoding = 4; lastKnownFileType = sourcecode.swift; path = utils.swift; sourceTree = "<group>"; };
		084522721E5E31B7008EE06B /* DataSourceTests.swift */ = {isa = PBXFileReference; fileEncoding = 4; lastKnownFileType = sourcecode.swift; path = DataSourceTests.swift; sourceTree = "<group>"; };
		084522741E5E352D008EE06B /* CoreDataAssertMergeTests.swift */ = {isa = PBXFileReference; fileEncoding = 4; lastKnownFileType = sourcecode.swift; path = CoreDataAssertMergeTests.swift; sourceTree = "<group>"; };
		0845F1801E625A0000B43C99 /* testData_flickr_latest.json */ = {isa = PBXFileReference; fileEncoding = 4; lastKnownFileType = text.json; name = testData_flickr_latest.json; path = HueInspiredTests/testData_flickr_latest.json; sourceTree = SOURCE_ROOT; };
		0845F1841E66279700B43C99 /* RootViewControllerPaletteCreatorDelegate.swift */ = {isa = PBXFileReference; fileEncoding = 4; lastKnownFileType = sourcecode.swift; path = RootViewControllerPaletteCreatorDelegate.swift; sourceTree = "<group>"; };
		0845F1861E66288C00B43C99 /* RootViewController.swift */ = {isa = PBXFileReference; fileEncoding = 4; lastKnownFileType = sourcecode.swift; path = RootViewController.swift; sourceTree = "<group>"; };
		084E6BBD1E8DB4C800B10EA5 /* PaletteFavouriteTests.swift */ = {isa = PBXFileReference; fileEncoding = 4; lastKnownFileType = sourcecode.swift; path = PaletteFavouriteTests.swift; sourceTree = "<group>"; };
		0853EBD81EBA5E9D00EFA5AC /* CoreDataUtils.swift */ = {isa = PBXFileReference; fileEncoding = 4; lastKnownFileType = sourcecode.swift; path = CoreDataUtils.swift; sourceTree = "<group>"; };
		0853EBD91EBA5E9D00EFA5AC /* CDSSelectionSet.swift */ = {isa = PBXFileReference; fileEncoding = 4; lastKnownFileType = sourcecode.swift; path = CDSSelectionSet.swift; sourceTree = "<group>"; };
		0853EBDA1EBA5E9D00EFA5AC /* CDSImageSource.swift */ = {isa = PBXFileReference; fileEncoding = 4; lastKnownFileType = sourcecode.swift; path = CDSImageSource.swift; sourceTree = "<group>"; };
		0853EBDB1EBA5E9D00EFA5AC /* CDSColorPalette.swift */ = {isa = PBXFileReference; fileEncoding = 4; lastKnownFileType = sourcecode.swift; path = CDSColorPalette.swift; sourceTree = "<group>"; };
		0853EBDC1EBA5E9D00EFA5AC /* CDSColor.swift */ = {isa = PBXFileReference; fileEncoding = 4; lastKnownFileType = sourcecode.swift; path = CDSColor.swift; sourceTree = "<group>"; };
		0853EBE61EBBC02F00EFA5AC /* CDSSelectionSetTests.swift */ = {isa = PBXFileReference; fileEncoding = 4; lastKnownFileType = sourcecode.swift; path = CDSSelectionSetTests.swift; sourceTree = "<group>"; };
		086116DD1F06D170008281CB /* DataSourceFilter.swift */ = {isa = PBXFileReference; fileEncoding = 4; lastKnownFileType = sourcecode.swift; path = DataSourceFilter.swift; sourceTree = "<group>"; };
		086116DF1F06D1D9008281CB /* DataSourceObserver.swift */ = {isa = PBXFileReference; fileEncoding = 4; lastKnownFileType = sourcecode.swift; path = DataSourceObserver.swift; sourceTree = "<group>"; };
		086116E71F09447A008281CB /* PaletteTableViewController+TableViewDelegate.swift */ = {isa = PBXFileReference; fileEncoding = 4; lastKnownFileType = sourcecode.swift; path = "PaletteTableViewController+TableViewDelegate.swift"; sourceTree = "<group>"; };
		086116EF1F0C2EA4008281CB /* PaletteTableViewController+DisplayState.swift */ = {isa = PBXFileReference; fileEncoding = 4; lastKnownFileType = sourcecode.swift; path = "PaletteTableViewController+DisplayState.swift"; sourceTree = "<group>"; };
		086116F11F0C3EA1008281CB /* UrlSession+Promisekit.swift */ = {isa = PBXFileReference; fileEncoding = 4; lastKnownFileType = sourcecode.swift; name = "UrlSession+Promisekit.swift"; path = "Networking/UrlSession+Promisekit.swift"; sourceTree = "<group>"; };
		086116F41F0CE559008281CB /* flickr.plist */ = {isa = PBXFileReference; fileEncoding = 4; lastKnownFileType = text.plist.xml; name = flickr.plist; path = ../flickr.plist; sourceTree = "<group>"; };
		086116F61F0D86C9008281CB /* CoreDataAssertDeletionTests.swift */ = {isa = PBXFileReference; fileEncoding = 4; lastKnownFileType = sourcecode.swift; path = CoreDataAssertDeletionTests.swift; sourceTree = "<group>"; };
		086116F81F0D90BA008281CB /* CoreDataAssertUniquenessTests.swift */ = {isa = PBXFileReference; fileEncoding = 4; lastKnownFileType = sourcecode.swift; path = CoreDataAssertUniquenessTests.swift; sourceTree = "<group>"; };
		086116FA1F0D923A008281CB /* CoreDataAssertFetchControllerTests.swift */ = {isa = PBXFileReference; fileEncoding = 4; lastKnownFileType = sourcecode.swift; path = CoreDataAssertFetchControllerTests.swift; sourceTree = "<group>"; };
		086116FD1F10F80C008281CB /* ImmutablePalette.swift */ = {isa = PBXFileReference; fileEncoding = 4; lastKnownFileType = sourcecode.swift; path = ImmutablePalette.swift; sourceTree = "<group>"; };
		086117011F10F8CF008281CB /* ImmutablePalette+UserOwnedPalette.swift */ = {isa = PBXFileReference; fileEncoding = 4; lastKnownFileType = sourcecode.swift; path = "ImmutablePalette+UserOwnedPalette.swift"; sourceTree = "<group>"; };
		086117061F11715F008281CB /* CoreDataPaletteTableViewControllerDelegate.swift */ = {isa = PBXFileReference; fileEncoding = 4; lastKnownFileType = sourcecode.swift; path = CoreDataPaletteTableViewControllerDelegate.swift; sourceTree = "<group>"; };
		086117091F1267EF008281CB /* FlickrTrendingPhotoService.swift */ = {isa = PBXFileReference; fileEncoding = 4; lastKnownFileType = sourcecode.swift; name = FlickrTrendingPhotoService.swift; path = Networking/FlickrTrendingPhotoService.swift; sourceTree = "<group>"; };
		0861170B1F128D0E008281CB /* TrendingPaletteServiceTests.swift */ = {isa = PBXFileReference; fileEncoding = 4; lastKnownFileType = sourcecode.swift; path = TrendingPaletteServiceTests.swift; sourceTree = "<group>"; };
		0861170D1F12AFFB008281CB /* TrendingPaletteService.swift */ = {isa = PBXFileReference; fileEncoding = 4; lastKnownFileType = sourcecode.swift; name = TrendingPaletteService.swift; path = Networking/TrendingPaletteService.swift; sourceTree = "<group>"; };
		0861170F1F12B05B008281CB /* FlickrTrendingPhotoService+TrendingPaletteService.swift */ = {isa = PBXFileReference; fileEncoding = 4; lastKnownFileType = sourcecode.swift; name = "FlickrTrendingPhotoService+TrendingPaletteService.swift"; path = "Networking/FlickrTrendingPhotoService+TrendingPaletteService.swift"; sourceTree = "<group>"; };
		086117151F13420E008281CB /* PreferenceRegistry.swift */ = {isa = PBXFileReference; fileEncoding = 4; lastKnownFileType = sourcecode.swift; name = PreferenceRegistry.swift; path = Networking/PreferenceRegistry.swift; sourceTree = "<group>"; };
		086117171F134EC1008281CB /* FlickrTrendingPhotoService+Preferences.swift */ = {isa = PBXFileReference; fileEncoding = 4; lastKnownFileType = sourcecode.swift; name = "FlickrTrendingPhotoService+Preferences.swift"; path = "Networking/FlickrTrendingPhotoService+Preferences.swift"; sourceTree = "<group>"; };
		086117191F157ADD008281CB /* PaletteViewControllerDelegateTests.swift */ = {isa = PBXFileReference; fileEncoding = 4; lastKnownFileType = sourcecode.swift; path = PaletteViewControllerDelegateTests.swift; sourceTree = "<group>"; };
		0861171C1F15F94D008281CB /* MockDataSource.swift */ = {isa = PBXFileReference; fileEncoding = 4; lastKnownFileType = sourcecode.swift; path = MockDataSource.swift; sourceTree = "<group>"; };
		0861171E1F1655F0008281CB /* UserPaletteDetails.swift */ = {isa = PBXFileReference; fileEncoding = 4; lastKnownFileType = sourcecode.swift; name = UserPaletteDetails.swift; path = ../PaletteDetailViewController/UserPaletteDetails.swift; sourceTree = "<group>"; };
		086117211F181A4E008281CB /* PaletteDetailViewController+UserPaletteDetails.swift */ = {isa = PBXFileReference; fileEncoding = 4; lastKnownFileType = sourcecode.swift; path = "PaletteDetailViewController+UserPaletteDetails.swift"; sourceTree = "<group>"; };
		086117231F1A247D008281CB /* PaletteTableViewController+TableViewDataSource.swift */ = {isa = PBXFileReference; fileEncoding = 4; lastKnownFileType = sourcecode.swift; path = "PaletteTableViewController+TableViewDataSource.swift"; sourceTree = "<group>"; };
		086117251F1B998D008281CB /* TrendingPaletteViewControllerDelegateTests.swift */ = {isa = PBXFileReference; fileEncoding = 4; lastKnownFileType = sourcecode.swift; path = TrendingPaletteViewControllerDelegateTests.swift; sourceTree = "<group>"; };
		086117271F1B9CC3008281CB /* MockViewControllers.swift */ = {isa = PBXFileReference; fileEncoding = 4; lastKnownFileType = sourcecode.swift; path = MockViewControllers.swift; sourceTree = "<group>"; };
		0861172B1F1BA925008281CB /* PaletteTableViewControllerTests.swift */ = {isa = PBXFileReference; fileEncoding = 4; lastKnownFileType = sourcecode.swift; path = PaletteTableViewControllerTests.swift; sourceTree = "<group>"; };
		086117301F1BFC84008281CB /* PersistenceAssembly.swift */ = {isa = PBXFileReference; fileEncoding = 4; lastKnownFileType = sourcecode.swift; name = PersistenceAssembly.swift; path = Assembly/PersistenceAssembly.swift; sourceTree = "<group>"; };
		086117321F1BFCDB008281CB /* NetworkAssembly.swift */ = {isa = PBXFileReference; fileEncoding = 4; lastKnownFileType = sourcecode.swift; name = NetworkAssembly.swift; path = Assembly/NetworkAssembly.swift; sourceTree = "<group>"; };
		086117341F1BFE90008281CB /* DataSourceAssembly.swift */ = {isa = PBXFileReference; fileEncoding = 4; lastKnownFileType = sourcecode.swift; name = DataSourceAssembly.swift; path = Assembly/DataSourceAssembly.swift; sourceTree = "<group>"; };
		086117361F1BFF1D008281CB /* PaletteCreatorAssembly.swift */ = {isa = PBXFileReference; fileEncoding = 4; lastKnownFileType = sourcecode.swift; name = PaletteCreatorAssembly.swift; path = Assembly/PaletteCreatorAssembly.swift; sourceTree = "<group>"; };
		0869BFC11EAA380C009A0DE6 /* TabbarMenuButton.swift */ = {isa = PBXFileReference; fileEncoding = 4; lastKnownFileType = sourcecode.swift; path = TabbarMenuButton.swift; sourceTree = "<group>"; };
		086BA7791E3CAE600054BBAE /* DataSource.swift */ = {isa = PBXFileReference; fileEncoding = 4; lastKnownFileType = sourcecode.swift; path = DataSource.swift; sourceTree = "<group>"; };
		086E911B1EBD10FC00599101 /* FBSnapshotTestCase.framework */ = {isa = PBXFileReference; lastKnownFileType = wrapper.framework; name = FBSnapshotTestCase.framework; path = Carthage/Build/iOS/FBSnapshotTestCase.framework; sourceTree = "<group>"; };
		086E911D1EBD122300599101 /* PaletteDetailViewTests.swift */ = {isa = PBXFileReference; fileEncoding = 4; lastKnownFileType = sourcecode.swift; path = PaletteDetailViewTests.swift; sourceTree = "<group>"; };
		0877A79F1E40C00000F6FDAB /* TrendingPaletteDelegate.swift */ = {isa = PBXFileReference; fileEncoding = 4; lastKnownFileType = sourcecode.swift; path = TrendingPaletteDelegate.swift; sourceTree = "<group>"; };
		0877A7A21E41336500F6FDAB /* ColorPalette.swift */ = {isa = PBXFileReference; fileEncoding = 4; lastKnownFileType = sourcecode.swift; path = ColorPalette.swift; sourceTree = "<group>"; };
		0877A7CD1E449D0F00F6FDAB /* RemotePaletteTests.swift */ = {isa = PBXFileReference; fileEncoding = 4; lastKnownFileType = sourcecode.swift; path = RemotePaletteTests.swift; sourceTree = "<group>"; };
		0877A7D41E49FCBB00F6FDAB /* CDSPaletteTests.swift */ = {isa = PBXFileReference; fileEncoding = 4; lastKnownFileType = sourcecode.swift; path = CDSPaletteTests.swift; sourceTree = "<group>"; };
		088175E61E2A9C0200990137 /* Color.swift */ = {isa = PBXFileReference; fileEncoding = 4; lastKnownFileType = sourcecode.swift; path = Color.swift; sourceTree = "<group>"; };
		088175F81E2C1C3700990137 /* PromiseKit.framework */ = {isa = PBXFileReference; lastKnownFileType = wrapper.framework; name = PromiseKit.framework; path = Carthage/Build/iOS/PromiseKit.framework; sourceTree = "<group>"; };
		088175FD1E2C24DF00990137 /* FlickrPhoto.swift */ = {isa = PBXFileReference; fileEncoding = 4; lastKnownFileType = sourcecode.swift; path = FlickrPhoto.swift; sourceTree = "<group>"; };
		088176001E2C2BF900990137 /* PromiseKit.framework.dSYM */ = {isa = PBXFileReference; lastKnownFileType = wrapper.dsym; name = PromiseKit.framework.dSYM; path = Carthage/Build/iOS/PromiseKit.framework.dSYM; sourceTree = "<group>"; };
		088900EB1E3022D300FE9C7E /* PaletteView.swift */ = {isa = PBXFileReference; fileEncoding = 4; lastKnownFileType = sourcecode.swift; path = PaletteView.swift; sourceTree = "<group>"; };
		088900F01E33F2B400FE9C7E /* PaletteViewTableCell.swift */ = {isa = PBXFileReference; fileEncoding = 4; lastKnownFileType = sourcecode.swift; path = PaletteViewTableCell.swift; sourceTree = "<group>"; };
		088900F21E33F3EB00FE9C7E /* PaletteTableViewController.swift */ = {isa = PBXFileReference; fileEncoding = 4; lastKnownFileType = sourcecode.swift; path = PaletteTableViewController.swift; sourceTree = "<group>"; };
		088900F71E33FAC100FE9C7E /* CoreDataPaletteDataSource.swift */ = {isa = PBXFileReference; fileEncoding = 4; lastKnownFileType = sourcecode.swift; path = CoreDataPaletteDataSource.swift; sourceTree = "<group>"; };
		08A50E1F1E6EAB7A000E481D /* PaletteTableViewControllerDelegate.swift */ = {isa = PBXFileReference; fileEncoding = 4; lastKnownFileType = sourcecode.swift; name = PaletteTableViewControllerDelegate.swift; path = ViewController/PaletteTableViewController/PaletteTableViewControllerDelegate.swift; sourceTree = "<group>"; };
		08A50E211E6EABF6000E481D /* FavouritePaletteDelegate.swift */ = {isa = PBXFileReference; fileEncoding = 4; lastKnownFileType = sourcecode.swift; path = FavouritePaletteDelegate.swift; sourceTree = "<group>"; };
		08B657E31E7140F6009E391D /* ErrorHandler.swift */ = {isa = PBXFileReference; fileEncoding = 4; lastKnownFileType = sourcecode.swift; path = ErrorHandler.swift; sourceTree = "<group>"; };
		08B657E51E736936009E391D /* PaletteDetailViewControllerDelegate.swift */ = {isa = PBXFileReference; fileEncoding = 4; lastKnownFileType = sourcecode.swift; path = PaletteDetailViewControllerDelegate.swift; sourceTree = "<group>"; };
		08C617A51E15B55D00A3ABDD /* HueInspired.app */ = {isa = PBXFileReference; explicitFileType = wrapper.application; includeInIndex = 0; path = HueInspired.app; sourceTree = BUILT_PRODUCTS_DIR; };
		08C617A81E15B55D00A3ABDD /* AppDelegate.swift */ = {isa = PBXFileReference; lastKnownFileType = sourcecode.swift; path = AppDelegate.swift; sourceTree = "<group>"; };
		08C617AA1E15B55D00A3ABDD /* PaletteDetailViewController.swift */ = {isa = PBXFileReference; lastKnownFileType = sourcecode.swift; path = PaletteDetailViewController.swift; sourceTree = "<group>"; };
		08C617AD1E15B55D00A3ABDD /* Base */ = {isa = PBXFileReference; lastKnownFileType = file.storyboard; name = Base; path = Base.lproj/Main.storyboard; sourceTree = "<group>"; };
		08C617B01E15B55D00A3ABDD /* HueInspired.xcdatamodel */ = {isa = PBXFileReference; lastKnownFileType = wrapper.xcdatamodel; path = HueInspired.xcdatamodel; sourceTree = "<group>"; };
		08C617B21E15B55D00A3ABDD /* Assets.xcassets */ = {isa = PBXFileReference; lastKnownFileType = folder.assetcatalog; path = Assets.xcassets; sourceTree = "<group>"; };
		08C617B51E15B55D00A3ABDD /* Base */ = {isa = PBXFileReference; lastKnownFileType = file.storyboard; name = Base; path = Base.lproj/LaunchScreen.storyboard; sourceTree = "<group>"; };
		08C617B71E15B55D00A3ABDD /* Info.plist */ = {isa = PBXFileReference; lastKnownFileType = text.plist.xml; path = Info.plist; sourceTree = "<group>"; };
		08C617BC1E15B55E00A3ABDD /* HueInspiredTests.xctest */ = {isa = PBXFileReference; explicitFileType = wrapper.cfbundle; includeInIndex = 0; path = HueInspiredTests.xctest; sourceTree = BUILT_PRODUCTS_DIR; };
		08C617C21E15B55E00A3ABDD /* Info.plist */ = {isa = PBXFileReference; lastKnownFileType = text.plist.xml; path = Info.plist; sourceTree = "<group>"; };
		08C617C71E15B55E00A3ABDD /* HueInspiredUITests.xctest */ = {isa = PBXFileReference; explicitFileType = wrapper.cfbundle; includeInIndex = 0; path = HueInspiredUITests.xctest; sourceTree = BUILT_PRODUCTS_DIR; };
		08C617CB1E15B55E00A3ABDD /* HueInspiredUITests.swift */ = {isa = PBXFileReference; lastKnownFileType = sourcecode.swift; path = HueInspiredUITests.swift; sourceTree = "<group>"; };
		08C617CD1E15B55E00A3ABDD /* Info.plist */ = {isa = PBXFileReference; lastKnownFileType = text.plist.xml; path = Info.plist; sourceTree = "<group>"; };
		08C617E21E1822C300A3ABDD /* ImageLoader.swift */ = {isa = PBXFileReference; fileEncoding = 4; lastKnownFileType = sourcecode.swift; path = ImageLoader.swift; sourceTree = "<group>"; };
		08DD00001E86C8B900400719 /* SwinjectStoryboard.framework */ = {isa = PBXFileReference; lastKnownFileType = wrapper.framework; name = SwinjectStoryboard.framework; path = Carthage/Build/iOS/SwinjectStoryboard.framework; sourceTree = "<group>"; };
		08DD00011E86C8B900400719 /* Swinject.framework */ = {isa = PBXFileReference; lastKnownFileType = wrapper.framework; name = Swinject.framework; path = Carthage/Build/iOS/Swinject.framework; sourceTree = "<group>"; };
		08FB0A2F1EA387A700316688 /* testAssets.xcassets */ = {isa = PBXFileReference; lastKnownFileType = folder.assetcatalog; name = testAssets.xcassets; path = ../HueInspiredUITests/testAssets.xcassets; sourceTree = "<group>"; };
/* End PBXFileReference section */

/* Begin PBXFrameworksBuildPhase section */
		08C617A21E15B55D00A3ABDD /* Frameworks */ = {
			isa = PBXFrameworksBuildPhase;
			buildActionMask = 2147483647;
			files = (
				08DD00031E86C8B900400719 /* Swinject.framework in Frameworks */,
				08DD00021E86C8B900400719 /* SwinjectStoryboard.framework in Frameworks */,
				088175F91E2C1C3700990137 /* PromiseKit.framework in Frameworks */,
			);
			runOnlyForDeploymentPostprocessing = 0;
		};
		08C617B91E15B55E00A3ABDD /* Frameworks */ = {
			isa = PBXFrameworksBuildPhase;
			buildActionMask = 2147483647;
			files = (
				08EBB3BB1E899C8800F0E577 /* PromiseKit.framework in Frameworks */,
				086E911C1EBD10FC00599101 /* FBSnapshotTestCase.framework in Frameworks */,
			);
			runOnlyForDeploymentPostprocessing = 0;
		};
		08C617C41E15B55E00A3ABDD /* Frameworks */ = {
			isa = PBXFrameworksBuildPhase;
			buildActionMask = 2147483647;
			files = (
			);
			runOnlyForDeploymentPostprocessing = 0;
		};
/* End PBXFrameworksBuildPhase section */

/* Begin PBXGroup section */
		0800CBF41F27DF34007BD916 /* Core */ = {
			isa = PBXGroup;
			children = (
				0800CBF81F27E00D007BD916 /* Assembly */,
				086116E51F094010008281CB /* Protocols */,
				0835ED431E2045EC00784ABE /* View */,
				0800CBF71F27DFEA007BD916 /* ViewController */,
				0800CBFE1F27E12B007BD916 /* Service */,
				0877A7D91E4F7F3900F6FDAB /* Model */,
			);
			name = Core;
			sourceTree = "<group>";
		};
		0800CBF51F27DF8C007BD916 /* Utils */ = {
			isa = PBXGroup;
			children = (
				086116F11F0C3EA1008281CB /* UrlSession+Promisekit.swift */,
				08445B141F1CAD85003B837D /* UIWindow+CustomNotification.swift */,
				08445B231F1D13A3003B837D /* String+Base64Encode.swift */,
			);
			name = Utils;
			sourceTree = "<group>";
		};
		0800CBF61F27DFD7007BD916 /* PaletteManager */ = {
			isa = PBXGroup;
			children = (
				0800CC091F27EB70007BD916 /* Assembly */,
				0800CBFF1F27E1C1007BD916 /* ViewController */,
			);
			name = PaletteManager;
			sourceTree = "<group>";
		};
		0800CBF71F27DFEA007BD916 /* ViewController */ = {
			isa = PBXGroup;
			children = (
				08A50E1F1E6EAB7A000E481D /* PaletteTableViewControllerDelegate.swift */,
				0800CC011F27E32D007BD916 /* MultipleDataTableViewController */,
				08445B321F214F8B003B837D /* ActionViewController */,
				086116EE1F0C2989008281CB /* PaletteDetailViewController */,
			);
			name = ViewController;
			sourceTree = "<group>";
		};
		0800CBF81F27E00D007BD916 /* Assembly */ = {
			isa = PBXGroup;
			children = (
				0800CC0A1F27ECBD007BD916 /* ViewControllerAssembly.swift */,
				086117341F1BFE90008281CB /* DataSourceAssembly.swift */,
				086117301F1BFC84008281CB /* PersistenceAssembly.swift */,
				08445B3C1F23F054003B837D /* PersistenceAssembly+Debug.swift */,
				086117321F1BFCDB008281CB /* NetworkAssembly.swift */,
			);
			name = Assembly;
			sourceTree = "<group>";
		};
		0800CBF91F27E06F007BD916 /* OnBoarding */ = {
			isa = PBXGroup;
			children = (
				08445B0D1F1C1679003B837D /* Onboarding.storyboard */,
				0800CBFB1F27E0A7007BD916 /* Assembly */,
				0800CBFA1F27E09D007BD916 /* Service */,
				08445B201F1CD74D003B837D /* View */,
				0800CC031F27E72F007BD916 /* ViewController */,
			);
			name = OnBoarding;
			sourceTree = "<group>";
		};
		0800CBFA1F27E09D007BD916 /* Service */ = {
			isa = PBXGroup;
			children = (
				08445B161F1CB008003B837D /* OnBoardingService.swift */,
			);
			name = Service;
			sourceTree = "<group>";
		};
		0800CBFB1F27E0A7007BD916 /* Assembly */ = {
			isa = PBXGroup;
			children = (
				08445B181F1CB133003B837D /* OnBoardingAssembly.swift */,
			);
			name = Assembly;
			sourceTree = "<group>";
		};
		0800CBFC1F27E0C4007BD916 /* PaletteCreator */ = {
			isa = PBXGroup;
			children = (
				0800CC041F27E939007BD916 /* Assembly */,
				0800CC0C1F292ED5007BD916 /* Protocols */,
				0800CC001F27E2F5007BD916 /* ViewController */,
				0800CBFD1F27E0F0007BD916 /* Service */,
			);
			name = PaletteCreator;
			sourceTree = "<group>";
		};
		0800CBFD1F27E0F0007BD916 /* Service */ = {
			isa = PBXGroup;
			children = (
				0861170D1F12AFFB008281CB /* TrendingPaletteService.swift */,
				086117091F1267EF008281CB /* FlickrTrendingPhotoService.swift */,
				0861170F1F12B05B008281CB /* FlickrTrendingPhotoService+TrendingPaletteService.swift */,
				086117171F134EC1008281CB /* FlickrTrendingPhotoService+Preferences.swift */,
			);
			name = Service;
			sourceTree = "<group>";
		};
		0800CBFE1F27E12B007BD916 /* Service */ = {
			isa = PBXGroup;
			children = (
				08445B411F240CFC003B837D /* CommandLineArgs.swift */,
				086117151F13420E008281CB /* PreferenceRegistry.swift */,
				082B72AE1E589A74006815D2 /* NetworkingManager.swift */,
			);
			name = Service;
			sourceTree = "<group>";
		};
		0800CBFF1F27E1C1007BD916 /* ViewController */ = {
			isa = PBXGroup;
			children = (
				086116F31F0CD228008281CB /* PaletteTableViewControllerDelegates */,
				088900F51E33F40800FE9C7E /* TableViewCells */,
				086116E61F094445008281CB /* PaletteTableViewController */,
			);
			name = ViewController;
			sourceTree = "<group>";
		};
		0800CC001F27E2F5007BD916 /* ViewController */ = {
			isa = PBXGroup;
			children = (
				086116ED1F09468A008281CB /* RootViewController */,
				0800CBF21F254A1A007BD916 /* ImagePickerDelegate+PaletteCreatorAdapter.swift */,
			);
			name = ViewController;
			sourceTree = "<group>";
		};
		0800CC011F27E32D007BD916 /* MultipleDataTableViewController */ = {
			isa = PBXGroup;
			children = (
				0800CBEC1F24E2AB007BD916 /* MultipleDataTableViewController.swift */,
			);
			name = MultipleDataTableViewController;
			sourceTree = "<group>";
		};
		0800CC031F27E72F007BD916 /* ViewController */ = {
			isa = PBXGroup;
			children = (
				08445B1A1F1CBCBD003B837D /* OnBoardingContentViewController.swift */,
				08445B1C1F1CCA8E003B837D /* OnBoardingPageViewController.swift */,
			);
			path = ViewController;
			sourceTree = "<group>";
		};
		0800CC041F27E939007BD916 /* Assembly */ = {
			isa = PBXGroup;
			children = (
				086117361F1BFF1D008281CB /* PaletteCreatorAssembly.swift */,
			);
			name = Assembly;
			sourceTree = "<group>";
		};
		0800CC091F27EB70007BD916 /* Assembly */ = {
			isa = PBXGroup;
			children = (
				0800CC071F27EAF6007BD916 /* PaletteManagerAssembly.swift */,
			);
			name = Assembly;
			sourceTree = "<group>";
		};
		0800CC0C1F292ED5007BD916 /* Protocols */ = {
			isa = PBXGroup;
			children = (
				08445B271F1EA7D9003B837D /* PaletteCreator.swift */,
			);
			name = Protocols;
			sourceTree = "<group>";
		};
		0826A3E31E2A959D0005EA02 /* CoreData */ = {
			isa = PBXGroup;
			children = (
				0853EBD91EBA5E9D00EFA5AC /* CDSSelectionSet.swift */,
				0853EBDA1EBA5E9D00EFA5AC /* CDSImageSource.swift */,
				0853EBDB1EBA5E9D00EFA5AC /* CDSColorPalette.swift */,
				0853EBDC1EBA5E9D00EFA5AC /* CDSColor.swift */,
				0853EBD81EBA5E9D00EFA5AC /* CoreDataUtils.swift */,
			);
			name = CoreData;
			path = Coredata;
			sourceTree = "<group>";
		};
		082B72B81E59E13C006815D2 /* Models */ = {
			isa = PBXGroup;
			children = (
				088175FD1E2C24DF00990137 /* FlickrPhoto.swift */,
			);
			name = Models;
			sourceTree = "<group>";
		};
		0835ED3E1E20449200784ABE /* ColorExtract */ = {
			isa = PBXGroup;
			children = (
				08C617E21E1822C300A3ABDD /* ImageLoader.swift */,
				088175E61E2A9C0200990137 /* Color.swift */,
				082424C01E99040E005EE80E /* ColorSpaces.swift */,
				082424C41E997FAF005EE80E /* KDTree.swift */,
				082424C81E9A4F41005EE80E /* ColorExtractor.swift */,
			);
			path = ColorExtract;
			sourceTree = "<group>";
		};
		0835ED431E2045EC00784ABE /* View */ = {
			isa = PBXGroup;
			children = (
				086117031F10FF79008281CB /* PaletteView */,
				0869BFC11EAA380C009A0DE6 /* TabbarMenuButton.swift */,
			);
			name = View;
			path = Views;
			sourceTree = "<group>";
		};
		08445B201F1CD74D003B837D /* View */ = {
			isa = PBXGroup;
			children = (
				08445B431F24B588003B837D /* CardView.swift */,
			);
			name = View;
			path = ViewController;
			sourceTree = "<group>";
		};
		08445B321F214F8B003B837D /* ActionViewController */ = {
			isa = PBXGroup;
			children = (
				08445B251F1D4ACB003B837D /* ActionContainer.swift */,
				08445B301F214D13003B837D /* ActionContainer+UserPaletteDetails.swift */,
			);
			name = ActionViewController;
			path = ViewController;
			sourceTree = "<group>";
		};
		08445B351F23AD98003B837D /* TemporaryPaletteDataSource */ = {
			isa = PBXGroup;
			children = (
				08445B331F23AACF003B837D /* TemporaryPaletteDataSource.swift */,
			);
			name = TemporaryPaletteDataSource;
			sourceTree = "<group>";
		};
		08445B361F23E73F003B837D /* PaletteTableViewControllerTests */ = {
			isa = PBXGroup;
			children = (
				0861172B1F1BA925008281CB /* PaletteTableViewControllerTests.swift */,
			);
			name = PaletteTableViewControllerTests;
			sourceTree = "<group>";
		};
		08445B391F23E9CD003B837D /* Utils */ = {
			isa = PBXGroup;
			children = (
				08445B371F23E9C7003B837D /* Base64EncodingTests.swift */,
			);
			name = Utils;
			sourceTree = "<group>";
		};
		08445B401F23F3AA003B837D /* ActionControllerTests */ = {
			isa = PBXGroup;
			children = (
				08445B3E1F23F3A0003B837D /* ActionControllerTests.swift */,
			);
			name = ActionControllerTests;
			sourceTree = "<group>";
		};
		0853EBE21EBB556500EFA5AC /* ColorExtract */ = {
			isa = PBXGroup;
			children = (
				082424CA1E9A9F69005EE80E /* ImageSamplingTests.swift */,
				082424C21E992AA7005EE80E /* ColorSpaceTests.swift */,
				082424C61E99A52C005EE80E /* KDTreeTestes.swift */,
			);
			name = ColorExtract;
			sourceTree = "<group>";
		};
		0853EBE31EBB558700EFA5AC /* App */ = {
			isa = PBXGroup;
			children = (
				0877A7CD1E449D0F00F6FDAB /* RemotePaletteTests.swift */,
				0861170B1F128D0E008281CB /* TrendingPaletteServiceTests.swift */,
			);
			name = App;
			sourceTree = "<group>";
		};
		0853EBE41EBB55B400EFA5AC /* CoreDataTests */ = {
			isa = PBXGroup;
			children = (
				084522741E5E352D008EE06B /* CoreDataAssertMergeTests.swift */,
				086116FA1F0D923A008281CB /* CoreDataAssertFetchControllerTests.swift */,
				086116F81F0D90BA008281CB /* CoreDataAssertUniquenessTests.swift */,
				086116F61F0D86C9008281CB /* CoreDataAssertDeletionTests.swift */,
			);
			name = CoreDataTests;
			sourceTree = "<group>";
		};
		0853EBE51EBB55C700EFA5AC /* ModelTests */ = {
			isa = PBXGroup;
			children = (
				084E6BBD1E8DB4C800B10EA5 /* PaletteFavouriteTests.swift */,
				084522721E5E31B7008EE06B /* DataSourceTests.swift */,
				0877A7D41E49FCBB00F6FDAB /* CDSPaletteTests.swift */,
				0853EBE61EBBC02F00EFA5AC /* CDSSelectionSetTests.swift */,
			);
			name = ModelTests;
			sourceTree = "<group>";
		};
		0853EBE81EBBC10100EFA5AC /* FlickrTests */ = {
			isa = PBXGroup;
			children = (
				082B72B41E59DD4A006815D2 /* FlickrServiceTests.swift */,
			);
			name = FlickrTests;
			sourceTree = "<group>";
		};
		086116E11F06D1F5008281CB /* Protocols */ = {
			isa = PBXGroup;
			children = (
				086BA7791E3CAE600054BBAE /* DataSource.swift */,
				086116DD1F06D170008281CB /* DataSourceFilter.swift */,
				086116DF1F06D1D9008281CB /* DataSourceObserver.swift */,
			);
			name = Protocols;
			sourceTree = "<group>";
		};
		086116E21F08F6E9008281CB /* CoreDataPaletteDataSource */ = {
			isa = PBXGroup;
			children = (
				088900F71E33FAC100FE9C7E /* CoreDataPaletteDataSource.swift */,
			);
			name = CoreDataPaletteDataSource;
			sourceTree = "<group>";
		};
		086116E51F094010008281CB /* Protocols */ = {
			isa = PBXGroup;
			children = (
				08B657E31E7140F6009E391D /* ErrorHandler.swift */,
				0861171E1F1655F0008281CB /* UserPaletteDetails.swift */,
			);
			name = Protocols;
			path = ViewController/Protocols;
			sourceTree = "<group>";
		};
		086116E61F094445008281CB /* PaletteTableViewController */ = {
			isa = PBXGroup;
			children = (
				088900F21E33F3EB00FE9C7E /* PaletteTableViewController.swift */,
				086116E71F09447A008281CB /* PaletteTableViewController+TableViewDelegate.swift */,
				086117231F1A247D008281CB /* PaletteTableViewController+TableViewDataSource.swift */,
				086116EF1F0C2EA4008281CB /* PaletteTableViewController+DisplayState.swift */,
			);
			name = PaletteTableViewController;
			path = ViewController/PaletteTableViewController;
			sourceTree = "<group>";
		};
		086116ED1F09468A008281CB /* RootViewController */ = {
			isa = PBXGroup;
			children = (
				0845F1861E66288C00B43C99 /* RootViewController.swift */,
				0845F1841E66279700B43C99 /* RootViewControllerPaletteCreatorDelegate.swift */,
			);
			name = RootViewController;
			path = ViewController/RootViewController;
			sourceTree = "<group>";
		};
		086116EE1F0C2989008281CB /* PaletteDetailViewController */ = {
			isa = PBXGroup;
			children = (
				08C617AA1E15B55D00A3ABDD /* PaletteDetailViewController.swift */,
				086117211F181A4E008281CB /* PaletteDetailViewController+UserPaletteDetails.swift */,
				08B657E51E736936009E391D /* PaletteDetailViewControllerDelegate.swift */,
			);
			name = PaletteDetailViewController;
			path = ViewController/PaletteDetailViewController;
			sourceTree = "<group>";
		};
		086116F31F0CD228008281CB /* PaletteTableViewControllerDelegates */ = {
			isa = PBXGroup;
			children = (
				086117061F11715F008281CB /* CoreDataPaletteTableViewControllerDelegate.swift */,
				0877A79F1E40C00000F6FDAB /* TrendingPaletteDelegate.swift */,
				08A50E211E6EABF6000E481D /* FavouritePaletteDelegate.swift */,
			);
			name = PaletteTableViewControllerDelegates;
			path = ViewController/PaletteTableViewControllerDelegates;
			sourceTree = "<group>";
		};
		086116FC1F10F7C3008281CB /* Palette */ = {
			isa = PBXGroup;
			children = (
				086116FF1F10F84A008281CB /* Protocols */,
				086117001F10F886008281CB /* ImmutablePalette */,
			);
			path = Palette;
			sourceTree = "<group>";
		};
		086116FF1F10F84A008281CB /* Protocols */ = {
			isa = PBXGroup;
			children = (
				0877A7A21E41336500F6FDAB /* ColorPalette.swift */,
			);
			name = Protocols;
			sourceTree = "<group>";
		};
		086117001F10F886008281CB /* ImmutablePalette */ = {
			isa = PBXGroup;
			children = (
				086116FD1F10F80C008281CB /* ImmutablePalette.swift */,
				086117011F10F8CF008281CB /* ImmutablePalette+UserOwnedPalette.swift */,
			);
			name = ImmutablePalette;
			sourceTree = "<group>";
		};
		086117031F10FF79008281CB /* PaletteView */ = {
			isa = PBXGroup;
			children = (
				088900EB1E3022D300FE9C7E /* PaletteView.swift */,
				0832048B1E21982A0025F5FE /* SwatchCollectionCell.swift */,
			);
			name = PaletteView;
			sourceTree = "<group>";
		};
		0861171B1F157AE2008281CB /* ViewControllers */ = {
			isa = PBXGroup;
			children = (
				086117291F1B9CCB008281CB /* Mocks */,
				086E911F1EBD122800599101 /* PaletteDetailViewControllerTests */,
				08445B361F23E73F003B837D /* PaletteTableViewControllerTests */,
				0861172A1F1BA8C1008281CB /* PaletteTableViewControllerDelegateTests */,
				08445B401F23F3AA003B837D /* ActionControllerTests */,
				0800CBEE1F24EB26007BD916 /* MultipleDataTableViewControllerTests.swift */,
			);
			name = ViewControllers;
			sourceTree = "<group>";
		};
		086117291F1B9CCB008281CB /* Mocks */ = {
			isa = PBXGroup;
			children = (
				0861171C1F15F94D008281CB /* MockDataSource.swift */,
				086117271F1B9CC3008281CB /* MockViewControllers.swift */,
			);
			name = Mocks;
			sourceTree = "<group>";
		};
		0861172A1F1BA8C1008281CB /* PaletteTableViewControllerDelegateTests */ = {
			isa = PBXGroup;
			children = (
				086117191F157ADD008281CB /* PaletteViewControllerDelegateTests.swift */,
				086117251F1B998D008281CB /* TrendingPaletteViewControllerDelegateTests.swift */,
			);
			name = PaletteTableViewControllerDelegateTests;
			sourceTree = "<group>";
		};
		086BA77B1E3CB4A20054BBAE /* DataSource */ = {
			isa = PBXGroup;
			children = (
				086116E11F06D1F5008281CB /* Protocols */,
				086116E21F08F6E9008281CB /* CoreDataPaletteDataSource */,
				08445B351F23AD98003B837D /* TemporaryPaletteDataSource */,
			);
			path = DataSource;
			sourceTree = "<group>";
		};
		086E911F1EBD122800599101 /* PaletteDetailViewControllerTests */ = {
			isa = PBXGroup;
			children = (
				086E911D1EBD122300599101 /* PaletteDetailViewTests.swift */,
			);
			name = PaletteDetailViewControllerTests;
			sourceTree = "<group>";
		};
		0877A7D81E4F7F2000F6FDAB /* Application */ = {
			isa = PBXGroup;
			children = (
				0800CBF41F27DF34007BD916 /* Core */,
				0800CBF61F27DFD7007BD916 /* PaletteManager */,
				0800CBFC1F27E0C4007BD916 /* PaletteCreator */,
				0800CBF91F27E06F007BD916 /* OnBoarding */,
			);
			name = Application;
			sourceTree = "<group>";
		};
		0877A7D91E4F7F3900F6FDAB /* Model */ = {
			isa = PBXGroup;
			children = (
				086116FC1F10F7C3008281CB /* Palette */,
				0826A3E31E2A959D0005EA02 /* CoreData */,
				086BA77B1E3CB4A20054BBAE /* DataSource */,
			);
			name = Model;
			path = Models;
			sourceTree = "<group>";
		};
		088175F71E2C1C3700990137 /* Frameworks */ = {
			isa = PBXGroup;
			children = (
				086E911B1EBD10FC00599101 /* FBSnapshotTestCase.framework */,
				08DD00001E86C8B900400719 /* SwinjectStoryboard.framework */,
				08DD00011E86C8B900400719 /* Swinject.framework */,
				088176001E2C2BF900990137 /* PromiseKit.framework.dSYM */,
				088175F81E2C1C3700990137 /* PromiseKit.framework */,
			);
			name = Frameworks;
			sourceTree = "<group>";
		};
		088175FF1E2C24E400990137 /* FlickrAPI */ = {
			isa = PBXGroup;
			children = (
				086116F41F0CE559008281CB /* flickr.plist */,
				082B72B81E59E13C006815D2 /* Models */,
				082B72B61E59E117006815D2 /* FlickrServiceSpec.swift */,
				082B72B21E59C028006815D2 /* FlickrService.swift */,
			);
			name = FlickrAPI;
			path = Flickr;
			sourceTree = "<group>";
		};
		088900F51E33F40800FE9C7E /* TableViewCells */ = {
			isa = PBXGroup;
			children = (
				088900F01E33F2B400FE9C7E /* PaletteViewTableCell.swift */,
				08445B211F1CFACE003B837D /* PhotoPaletteViewTableCell.swift */,
			);
			name = TableViewCells;
			path = Views;
			sourceTree = "<group>";
		};
		08C6179C1E15B55D00A3ABDD = {
			isa = PBXGroup;
			children = (
				08C617A71E15B55D00A3ABDD /* HueInspired */,
				08C617BF1E15B55E00A3ABDD /* HueInspiredTests */,
				08C617CA1E15B55E00A3ABDD /* HueInspiredUITests */,
				08C617A61E15B55D00A3ABDD /* Products */,
				088175F71E2C1C3700990137 /* Frameworks */,
			);
			sourceTree = "<group>";
		};
		08C617A61E15B55D00A3ABDD /* Products */ = {
			isa = PBXGroup;
			children = (
				08C617A51E15B55D00A3ABDD /* HueInspired.app */,
				08C617BC1E15B55E00A3ABDD /* HueInspiredTests.xctest */,
				08C617C71E15B55E00A3ABDD /* HueInspiredUITests.xctest */,
			);
			name = Products;
			sourceTree = "<group>";
		};
		08C617A71E15B55D00A3ABDD /* HueInspired */ = {
			isa = PBXGroup;
			children = (
				08C617B21E15B55D00A3ABDD /* Assets.xcassets */,
				08C617B41E15B55D00A3ABDD /* LaunchScreen.storyboard */,
				08C617AC1E15B55D00A3ABDD /* Main.storyboard */,
				08C617A81E15B55D00A3ABDD /* AppDelegate.swift */,
				0800CC051F27E99D007BD916 /* AppAssembly.swift */,
				08C617AF1E15B55D00A3ABDD /* HueInspired.xcdatamodeld */,
				08C617B71E15B55D00A3ABDD /* Info.plist */,
				0877A7D81E4F7F2000F6FDAB /* Application */,
				088175FF1E2C24E400990137 /* FlickrAPI */,
				0835ED3E1E20449200784ABE /* ColorExtract */,
				0800CBF51F27DF8C007BD916 /* Utils */,
			);
			path = HueInspired;
			sourceTree = "<group>";
		};
		08C617BF1E15B55E00A3ABDD /* HueInspiredTests */ = {
			isa = PBXGroup;
			children = (
				08C617C21E15B55E00A3ABDD /* Info.plist */,
				08FB0A2F1EA387A700316688 /* testAssets.xcassets */,
				0845F1801E625A0000B43C99 /* testData_flickr_latest.json */,
				084522701E5E315C008EE06B /* utils.swift */,
				0853EBE81EBBC10100EFA5AC /* FlickrTests */,
				0853EBE51EBB55C700EFA5AC /* ModelTests */,
				0853EBE41EBB55B400EFA5AC /* CoreDataTests */,
				0853EBE31EBB558700EFA5AC /* App */,
				0853EBE21EBB556500EFA5AC /* ColorExtract */,
				0861171B1F157AE2008281CB /* ViewControllers */,
				08445B391F23E9CD003B837D /* Utils */,
			);
			path = HueInspiredTests;
			sourceTree = "<group>";
		};
		08C617CA1E15B55E00A3ABDD /* HueInspiredUITests */ = {
			isa = PBXGroup;
			children = (
				08C617CB1E15B55E00A3ABDD /* HueInspiredUITests.swift */,
				08C617CD1E15B55E00A3ABDD /* Info.plist */,
			);
			path = HueInspiredUITests;
			sourceTree = "<group>";
		};
/* End PBXGroup section */

/* Begin PBXNativeTarget section */
		08C617A41E15B55D00A3ABDD /* HueInspired */ = {
			isa = PBXNativeTarget;
			buildConfigurationList = 08C617D01E15B55E00A3ABDD /* Build configuration list for PBXNativeTarget "HueInspired" */;
			buildPhases = (
				08C617A11E15B55D00A3ABDD /* Sources */,
				08C617A21E15B55D00A3ABDD /* Frameworks */,
				08C617A31E15B55D00A3ABDD /* Resources */,
				088176031E2C2F5B00990137 /* ShellScript */,
			);
			buildRules = (
			);
			dependencies = (
			);
			name = HueInspired;
			productName = HueInspired;
			productReference = 08C617A51E15B55D00A3ABDD /* HueInspired.app */;
			productType = "com.apple.product-type.application";
		};
		08C617BB1E15B55E00A3ABDD /* HueInspiredTests */ = {
			isa = PBXNativeTarget;
			buildConfigurationList = 08C617D31E15B55E00A3ABDD /* Build configuration list for PBXNativeTarget "HueInspiredTests" */;
			buildPhases = (
				08C617B81E15B55E00A3ABDD /* Sources */,
				08C617B91E15B55E00A3ABDD /* Frameworks */,
				08C617BA1E15B55E00A3ABDD /* Resources */,
				0877A7D11E47CCAE00F6FDAB /* ShellScript */,
			);
			buildRules = (
			);
			dependencies = (
				08C617BE1E15B55E00A3ABDD /* PBXTargetDependency */,
			);
			name = HueInspiredTests;
			productName = HueInspiredTests;
			productReference = 08C617BC1E15B55E00A3ABDD /* HueInspiredTests.xctest */;
			productType = "com.apple.product-type.bundle.unit-test";
		};
		08C617C61E15B55E00A3ABDD /* HueInspiredUITests */ = {
			isa = PBXNativeTarget;
			buildConfigurationList = 08C617D61E15B55E00A3ABDD /* Build configuration list for PBXNativeTarget "HueInspiredUITests" */;
			buildPhases = (
				08C617C31E15B55E00A3ABDD /* Sources */,
				08C617C41E15B55E00A3ABDD /* Frameworks */,
				08C617C51E15B55E00A3ABDD /* Resources */,
			);
			buildRules = (
			);
			dependencies = (
				08C617C91E15B55E00A3ABDD /* PBXTargetDependency */,
			);
			name = HueInspiredUITests;
			productName = HueInspiredUITests;
			productReference = 08C617C71E15B55E00A3ABDD /* HueInspiredUITests.xctest */;
			productType = "com.apple.product-type.bundle.ui-testing";
		};
/* End PBXNativeTarget section */

/* Begin PBXProject section */
		08C6179D1E15B55D00A3ABDD /* Project object */ = {
			isa = PBXProject;
			attributes = {
				LastSwiftUpdateCheck = 0820;
				LastUpgradeCheck = 0820;
				ORGANIZATIONNAME = AshArthur;
				TargetAttributes = {
					08C617A41E15B55D00A3ABDD = {
						CreatedOnToolsVersion = 8.2;
						DevelopmentTeam = XHVABPF675;
						ProvisioningStyle = Automatic;
					};
					08C617BB1E15B55E00A3ABDD = {
						CreatedOnToolsVersion = 8.2;
						DevelopmentTeam = XHVABPF675;
						ProvisioningStyle = Automatic;
						TestTargetID = 08C617A41E15B55D00A3ABDD;
					};
					08C617C61E15B55E00A3ABDD = {
						CreatedOnToolsVersion = 8.2;
						DevelopmentTeam = XHVABPF675;
						ProvisioningStyle = Automatic;
						TestTargetID = 08C617A41E15B55D00A3ABDD;
					};
				};
			};
			buildConfigurationList = 08C617A01E15B55D00A3ABDD /* Build configuration list for PBXProject "HueInspired" */;
			compatibilityVersion = "Xcode 3.2";
			developmentRegion = English;
			hasScannedForEncodings = 0;
			knownRegions = (
				en,
				Base,
			);
			mainGroup = 08C6179C1E15B55D00A3ABDD;
			productRefGroup = 08C617A61E15B55D00A3ABDD /* Products */;
			projectDirPath = "";
			projectRoot = "";
			targets = (
				08C617A41E15B55D00A3ABDD /* HueInspired */,
				08C617BB1E15B55E00A3ABDD /* HueInspiredTests */,
				08C617C61E15B55E00A3ABDD /* HueInspiredUITests */,
			);
		};
/* End PBXProject section */

/* Begin PBXResourcesBuildPhase section */
		08C617A31E15B55D00A3ABDD /* Resources */ = {
			isa = PBXResourcesBuildPhase;
			buildActionMask = 2147483647;
			files = (
				08C617B61E15B55D00A3ABDD /* LaunchScreen.storyboard in Resources */,
				08445B0F1F1C1679003B837D /* Onboarding.storyboard in Resources */,
				086116F51F0CE559008281CB /* flickr.plist in Resources */,
				08C617B31E15B55D00A3ABDD /* Assets.xcassets in Resources */,
				08C617AE1E15B55D00A3ABDD /* Main.storyboard in Resources */,
			);
			runOnlyForDeploymentPostprocessing = 0;
		};
		08C617BA1E15B55E00A3ABDD /* Resources */ = {
			isa = PBXResourcesBuildPhase;
			buildActionMask = 2147483647;
			files = (
				0845F1811E625A0000B43C99 /* testData_flickr_latest.json in Resources */,
			);
			runOnlyForDeploymentPostprocessing = 0;
		};
		08C617C51E15B55E00A3ABDD /* Resources */ = {
			isa = PBXResourcesBuildPhase;
			buildActionMask = 2147483647;
			files = (
				08FB0A301EA387A700316688 /* testAssets.xcassets in Resources */,
			);
			runOnlyForDeploymentPostprocessing = 0;
		};
/* End PBXResourcesBuildPhase section */

/* Begin PBXShellScriptBuildPhase section */
		0877A7D11E47CCAE00F6FDAB /* ShellScript */ = {
			isa = PBXShellScriptBuildPhase;
			buildActionMask = 2147483647;
			files = (
			);
			inputPaths = (
				"$(SRCROOT)/Carthage/Build/iOS/PromiseKit.framework",
				"$(SRCROOT)/Carthage/Build/iOS/FBSnapshotTestCase.framework",
			);
			outputPaths = (
			);
			runOnlyForDeploymentPostprocessing = 0;
			shellPath = /bin/sh;
			shellScript = "/usr/local/bin/carthage copy-frameworks\n";
		};
		088176031E2C2F5B00990137 /* ShellScript */ = {
			isa = PBXShellScriptBuildPhase;
			buildActionMask = 2147483647;
			files = (
			);
			inputPaths = (
				"$(SRCROOT)/Carthage/Build/iOS/PromiseKit.framework",
				"$(SRCROOT)/Carthage/Build/iOS/Swinject.framework",
				"$(SRCROOT)/Carthage/Build/iOS/SwinjectStoryboard.framework",
			);
			outputPaths = (
			);
			runOnlyForDeploymentPostprocessing = 0;
			shellPath = /bin/sh;
			shellScript = "/usr/local/bin/carthage copy-frameworks\n";
		};
/* End PBXShellScriptBuildPhase section */

/* Begin PBXSourcesBuildPhase section */
		08C617A11E15B55D00A3ABDD /* Sources */ = {
			isa = PBXSourcesBuildPhase;
			buildActionMask = 2147483647;
			files = (
				0853EBE11EBA5E9E00EFA5AC /* CDSColor.swift in Sources */,
				08445B3D1F23F054003B837D /* PersistenceAssembly+Debug.swift in Sources */,
				0877A7A31E41336500F6FDAB /* ColorPalette.swift in Sources */,
				088900F81E33FAC100FE9C7E /* CoreDataPaletteDataSource.swift in Sources */,
				08445B1B1F1CBCBD003B837D /* OnBoardingContentViewController.swift in Sources */,
				0800CBED1F24E2AB007BD916 /* MultipleDataTableViewController.swift in Sources */,
				0845F1871E66288C00B43C99 /* RootViewController.swift in Sources */,
				082B72B31E59C028006815D2 /* FlickrService.swift in Sources */,
				0845F1851E66279700B43C99 /* RootViewControllerPaletteCreatorDelegate.swift in Sources */,
				08445B191F1CB133003B837D /* OnBoardingAssembly.swift in Sources */,
				08C617AB1E15B55D00A3ABDD /* PaletteDetailViewController.swift in Sources */,
				08445B151F1CAD85003B837D /* UIWindow+CustomNotification.swift in Sources */,
				086117181F134EC1008281CB /* FlickrTrendingPhotoService+Preferences.swift in Sources */,
				08445B421F240CFC003B837D /* CommandLineArgs.swift in Sources */,
				088900F11E33F2B400FE9C7E /* PaletteViewTableCell.swift in Sources */,
				086116FE1F10F80C008281CB /* ImmutablePalette.swift in Sources */,
				08445B281F1EA7D9003B837D /* PaletteCreator.swift in Sources */,
				08445B171F1CB008003B837D /* OnBoardingService.swift in Sources */,
				08C617B11E15B55D00A3ABDD /* HueInspired.xcdatamodeld in Sources */,
				0832048C1E21982A0025F5FE /* SwatchCollectionCell.swift in Sources */,
				086117161F13420E008281CB /* PreferenceRegistry.swift in Sources */,
				086117021F10F8CF008281CB /* ImmutablePalette+UserOwnedPalette.swift in Sources */,
				0869BFC21EAA380C009A0DE6 /* TabbarMenuButton.swift in Sources */,
				086116E81F09447A008281CB /* PaletteTableViewController+TableViewDelegate.swift in Sources */,
				0853EBDE1EBA5E9D00EFA5AC /* CDSSelectionSet.swift in Sources */,
				0877A7A01E40C00000F6FDAB /* TrendingPaletteDelegate.swift in Sources */,
				086117221F181A4E008281CB /* PaletteDetailViewController+UserPaletteDetails.swift in Sources */,
				086117071F11715F008281CB /* CoreDataPaletteTableViewControllerDelegate.swift in Sources */,
				086117311F1BFC84008281CB /* PersistenceAssembly.swift in Sources */,
				082B72B71E59E117006815D2 /* FlickrServiceSpec.swift in Sources */,
				0861171F1F1655F0008281CB /* UserPaletteDetails.swift in Sources */,
				082B72AF1E589A74006815D2 /* NetworkingManager.swift in Sources */,
				08B657E61E736936009E391D /* PaletteDetailViewControllerDelegate.swift in Sources */,
				08445B311F214D13003B837D /* ActionContainer+UserPaletteDetails.swift in Sources */,
				0861170A1F1267EF008281CB /* FlickrTrendingPhotoService.swift in Sources */,
				082424C91E9A4F41005EE80E /* ColorExtractor.swift in Sources */,
				0800CC081F27EAF6007BD916 /* PaletteManagerAssembly.swift in Sources */,
				086116F01F0C2EA4008281CB /* PaletteTableViewController+DisplayState.swift in Sources */,
				0800CC0B1F27ECBD007BD916 /* ViewControllerAssembly.swift in Sources */,
				086117101F12B05B008281CB /* FlickrTrendingPhotoService+TrendingPaletteService.swift in Sources */,
				088175FE1E2C24DF00990137 /* FlickrPhoto.swift in Sources */,
				08C617E31E1822C300A3ABDD /* ImageLoader.swift in Sources */,
				08445B221F1CFACE003B837D /* PhotoPaletteViewTableCell.swift in Sources */,
				08A50E201E6EAB7A000E481D /* PaletteTableViewControllerDelegate.swift in Sources */,
				088900F31E33F3EB00FE9C7E /* PaletteTableViewController.swift in Sources */,
				086117331F1BFCDB008281CB /* NetworkAssembly.swift in Sources */,
				08445B1D1F1CCA8E003B837D /* OnBoardingPageViewController.swift in Sources */,
				08C617A91E15B55D00A3ABDD /* AppDelegate.swift in Sources */,
				086116F21F0C3EA1008281CB /* UrlSession+Promisekit.swift in Sources */,
				0861170E1F12AFFB008281CB /* TrendingPaletteService.swift in Sources */,
				088900EC1E3022D300FE9C7E /* PaletteView.swift in Sources */,
				0853EBDF1EBA5E9E00EFA5AC /* CDSImageSource.swift in Sources */,
				08445B341F23AACF003B837D /* TemporaryPaletteDataSource.swift in Sources */,
				08445B261F1D4ACB003B837D /* ActionContainer.swift in Sources */,
				08A50E221E6EABF6000E481D /* FavouritePaletteDelegate.swift in Sources */,
				0800CBF31F254A1A007BD916 /* ImagePickerDelegate+PaletteCreatorAdapter.swift in Sources */,
				086117241F1A247D008281CB /* PaletteTableViewController+TableViewDataSource.swift in Sources */,
				086116DE1F06D170008281CB /* DataSourceFilter.swift in Sources */,
				082424C11E99040E005EE80E /* ColorSpaces.swift in Sources */,
				086117371F1BFF1D008281CB /* PaletteCreatorAssembly.swift in Sources */,
				082424C51E997FAF005EE80E /* KDTree.swift in Sources */,
				08445B241F1D13A3003B837D /* String+Base64Encode.swift in Sources */,
				086117351F1BFE90008281CB /* DataSourceAssembly.swift in Sources */,
				086BA77A1E3CAE600054BBAE /* DataSource.swift in Sources */,
				088175E71E2A9C0200990137 /* Color.swift in Sources */,
				0853EBDD1EBA5E9D00EFA5AC /* CoreDataUtils.swift in Sources */,
				0800CC061F27E99D007BD916 /* AppAssembly.swift in Sources */,
				086116E01F06D1D9008281CB /* DataSourceObserver.swift in Sources */,
				08B657E41E7140F6009E391D /* ErrorHandler.swift in Sources */,
				08445B441F24B588003B837D /* CardView.swift in Sources */,
				0853EBE01EBA5E9E00EFA5AC /* CDSColorPalette.swift in Sources */,
			);
			runOnlyForDeploymentPostprocessing = 0;
		};
		08C617B81E15B55E00A3ABDD /* Sources */ = {
			isa = PBXSourcesBuildPhase;
			buildActionMask = 2147483647;
			files = (
				0861171D1F15F94D008281CB /* MockDataSource.swift in Sources */,
				082424C31E992AA7005EE80E /* ColorSpaceTests.swift in Sources */,
				0861172C1F1BA925008281CB /* PaletteTableViewControllerTests.swift in Sources */,
				084E6BBE1E8DB4C800B10EA5 /* PaletteFavouriteTests.swift in Sources */,
				084522731E5E31B7008EE06B /* DataSourceTests.swift in Sources */,
				08445B381F23E9C7003B837D /* Base64EncodingTests.swift in Sources */,
				084522751E5E352D008EE06B /* CoreDataAssertMergeTests.swift in Sources */,
				084522711E5E315C008EE06B /* utils.swift in Sources */,
				082424C71E99A52C005EE80E /* KDTreeTestes.swift in Sources */,
				086116F71F0D86C9008281CB /* CoreDataAssertDeletionTests.swift in Sources */,
				086117281F1B9CC3008281CB /* MockViewControllers.swift in Sources */,
				086117261F1B998D008281CB /* TrendingPaletteViewControllerDelegateTests.swift in Sources */,
				0877A7D51E49FCBB00F6FDAB /* CDSPaletteTests.swift in Sources */,
				0800CBEF1F24EB26007BD916 /* MultipleDataTableViewControllerTests.swift in Sources */,
				0861170C1F128D0E008281CB /* TrendingPaletteServiceTests.swift in Sources */,
				0877A7CE1E449D0F00F6FDAB /* RemotePaletteTests.swift in Sources */,
				086116FB1F0D923A008281CB /* CoreDataAssertFetchControllerTests.swift in Sources */,
				0853EBE71EBBC02F00EFA5AC /* CDSSelectionSetTests.swift in Sources */,
				082424CB1E9A9F69005EE80E /* ImageSamplingTests.swift in Sources */,
				0861171A1F157ADD008281CB /* PaletteViewControllerDelegateTests.swift in Sources */,
				082B72B51E59DD4A006815D2 /* FlickrServiceTests.swift in Sources */,
				08445B3F1F23F3A0003B837D /* ActionControllerTests.swift in Sources */,
				086E911E1EBD122300599101 /* PaletteDetailViewTests.swift in Sources */,
				086116F91F0D90BA008281CB /* CoreDataAssertUniquenessTests.swift in Sources */,
			);
			runOnlyForDeploymentPostprocessing = 0;
		};
		08C617C31E15B55E00A3ABDD /* Sources */ = {
			isa = PBXSourcesBuildPhase;
			buildActionMask = 2147483647;
			files = (
				08C617CC1E15B55E00A3ABDD /* HueInspiredUITests.swift in Sources */,
			);
			runOnlyForDeploymentPostprocessing = 0;
		};
/* End PBXSourcesBuildPhase section */

/* Begin PBXTargetDependency section */
		08C617BE1E15B55E00A3ABDD /* PBXTargetDependency */ = {
			isa = PBXTargetDependency;
			target = 08C617A41E15B55D00A3ABDD /* HueInspired */;
			targetProxy = 08C617BD1E15B55E00A3ABDD /* PBXContainerItemProxy */;
		};
		08C617C91E15B55E00A3ABDD /* PBXTargetDependency */ = {
			isa = PBXTargetDependency;
			target = 08C617A41E15B55D00A3ABDD /* HueInspired */;
			targetProxy = 08C617C81E15B55E00A3ABDD /* PBXContainerItemProxy */;
		};
/* End PBXTargetDependency section */

/* Begin PBXVariantGroup section */
		08445B0D1F1C1679003B837D /* Onboarding.storyboard */ = {
			isa = PBXVariantGroup;
			children = (
				08445B0E1F1C1679003B837D /* Base */,
			);
			name = Onboarding.storyboard;
			sourceTree = "<group>";
		};
		08C617AC1E15B55D00A3ABDD /* Main.storyboard */ = {
			isa = PBXVariantGroup;
			children = (
				08C617AD1E15B55D00A3ABDD /* Base */,
			);
			name = Main.storyboard;
			sourceTree = "<group>";
		};
		08C617B41E15B55D00A3ABDD /* LaunchScreen.storyboard */ = {
			isa = PBXVariantGroup;
			children = (
				08C617B51E15B55D00A3ABDD /* Base */,
			);
			name = LaunchScreen.storyboard;
			sourceTree = "<group>";
		};
/* End PBXVariantGroup section */

/* Begin XCBuildConfiguration section */
		08C617CE1E15B55E00A3ABDD /* Debug */ = {
			isa = XCBuildConfiguration;
			buildSettings = {
				ALWAYS_SEARCH_USER_PATHS = NO;
				CLANG_ANALYZER_NONNULL = YES;
				CLANG_CXX_LANGUAGE_STANDARD = "gnu++0x";
				CLANG_CXX_LIBRARY = "libc++";
				CLANG_ENABLE_MODULES = YES;
				CLANG_ENABLE_OBJC_ARC = YES;
				CLANG_WARN_BOOL_CONVERSION = YES;
				CLANG_WARN_CONSTANT_CONVERSION = YES;
				CLANG_WARN_DIRECT_OBJC_ISA_USAGE = YES_ERROR;
				CLANG_WARN_DOCUMENTATION_COMMENTS = YES;
				CLANG_WARN_EMPTY_BODY = YES;
				CLANG_WARN_ENUM_CONVERSION = YES;
				CLANG_WARN_INFINITE_RECURSION = YES;
				CLANG_WARN_INT_CONVERSION = YES;
				CLANG_WARN_OBJC_ROOT_CLASS = YES_ERROR;
				CLANG_WARN_SUSPICIOUS_MOVE = YES;
				CLANG_WARN_UNREACHABLE_CODE = YES;
				CLANG_WARN__DUPLICATE_METHOD_MATCH = YES;
				"CODE_SIGN_IDENTITY[sdk=iphoneos*]" = "iPhone Developer";
				COPY_PHASE_STRIP = NO;
				DEBUG_INFORMATION_FORMAT = dwarf;
				ENABLE_STRICT_OBJC_MSGSEND = YES;
				ENABLE_TESTABILITY = YES;
				GCC_C_LANGUAGE_STANDARD = gnu99;
				GCC_DYNAMIC_NO_PIC = NO;
				GCC_NO_COMMON_BLOCKS = YES;
				GCC_OPTIMIZATION_LEVEL = 0;
				GCC_PREPROCESSOR_DEFINITIONS = (
					"DEBUG=1",
					"$(inherited)",
				);
				GCC_WARN_64_TO_32_BIT_CONVERSION = YES;
				GCC_WARN_ABOUT_RETURN_TYPE = YES_ERROR;
				GCC_WARN_UNDECLARED_SELECTOR = YES;
				GCC_WARN_UNINITIALIZED_AUTOS = YES_AGGRESSIVE;
				GCC_WARN_UNUSED_FUNCTION = YES;
				GCC_WARN_UNUSED_VARIABLE = YES;
				IPHONEOS_DEPLOYMENT_TARGET = 10.2;
				MTL_ENABLE_DEBUG_INFO = YES;
				ONLY_ACTIVE_ARCH = YES;
				SDKROOT = iphoneos;
				SWIFT_ACTIVE_COMPILATION_CONDITIONS = DEBUG;
				SWIFT_OPTIMIZATION_LEVEL = "-Onone";
				TARGETED_DEVICE_FAMILY = "1,2";
			};
			name = Debug;
		};
		08C617CF1E15B55E00A3ABDD /* Release */ = {
			isa = XCBuildConfiguration;
			buildSettings = {
				ALWAYS_SEARCH_USER_PATHS = NO;
				CLANG_ANALYZER_NONNULL = YES;
				CLANG_CXX_LANGUAGE_STANDARD = "gnu++0x";
				CLANG_CXX_LIBRARY = "libc++";
				CLANG_ENABLE_MODULES = YES;
				CLANG_ENABLE_OBJC_ARC = YES;
				CLANG_WARN_BOOL_CONVERSION = YES;
				CLANG_WARN_CONSTANT_CONVERSION = YES;
				CLANG_WARN_DIRECT_OBJC_ISA_USAGE = YES_ERROR;
				CLANG_WARN_DOCUMENTATION_COMMENTS = YES;
				CLANG_WARN_EMPTY_BODY = YES;
				CLANG_WARN_ENUM_CONVERSION = YES;
				CLANG_WARN_INFINITE_RECURSION = YES;
				CLANG_WARN_INT_CONVERSION = YES;
				CLANG_WARN_OBJC_ROOT_CLASS = YES_ERROR;
				CLANG_WARN_SUSPICIOUS_MOVE = YES;
				CLANG_WARN_UNREACHABLE_CODE = YES;
				CLANG_WARN__DUPLICATE_METHOD_MATCH = YES;
				"CODE_SIGN_IDENTITY[sdk=iphoneos*]" = "iPhone Developer";
				COPY_PHASE_STRIP = NO;
				DEBUG_INFORMATION_FORMAT = "dwarf-with-dsym";
				ENABLE_NS_ASSERTIONS = NO;
				ENABLE_STRICT_OBJC_MSGSEND = YES;
				GCC_C_LANGUAGE_STANDARD = gnu99;
				GCC_NO_COMMON_BLOCKS = YES;
				GCC_WARN_64_TO_32_BIT_CONVERSION = YES;
				GCC_WARN_ABOUT_RETURN_TYPE = YES_ERROR;
				GCC_WARN_UNDECLARED_SELECTOR = YES;
				GCC_WARN_UNINITIALIZED_AUTOS = YES_AGGRESSIVE;
				GCC_WARN_UNUSED_FUNCTION = YES;
				GCC_WARN_UNUSED_VARIABLE = YES;
				IPHONEOS_DEPLOYMENT_TARGET = 10.2;
				MTL_ENABLE_DEBUG_INFO = NO;
				SDKROOT = iphoneos;
				SWIFT_OPTIMIZATION_LEVEL = "-Owholemodule";
				TARGETED_DEVICE_FAMILY = "1,2";
				VALIDATE_PRODUCT = YES;
			};
			name = Release;
		};
		08C617D11E15B55E00A3ABDD /* Debug */ = {
			isa = XCBuildConfiguration;
			buildSettings = {
				ASSETCATALOG_COMPILER_APPICON_NAME = AppIcon;
				DEVELOPMENT_TEAM = XHVABPF675;
				FRAMEWORK_SEARCH_PATHS = (
					"$(inherited)",
					"$(PROJECT_DIR)/HueInspired/Carthage/Build/iOS",
					"$(PROJECT_DIR)/Carthage/Build/iOS",
				);
				INFOPLIST_FILE = HueInspired/Info.plist;
				LD_RUNPATH_SEARCH_PATHS = "$(inherited) @executable_path/Frameworks";
				PRODUCT_BUNDLE_IDENTIFIER = co.uk.ash.HueInspired;
				PRODUCT_NAME = "$(TARGET_NAME)";
				SWIFT_VERSION = 3.0;
			};
			name = Debug;
		};
		08C617D21E15B55E00A3ABDD /* Release */ = {
			isa = XCBuildConfiguration;
			buildSettings = {
				ASSETCATALOG_COMPILER_APPICON_NAME = AppIcon;
				DEVELOPMENT_TEAM = XHVABPF675;
				FRAMEWORK_SEARCH_PATHS = (
					"$(inherited)",
					"$(PROJECT_DIR)/HueInspired/Carthage/Build/iOS",
					"$(PROJECT_DIR)/Carthage/Build/iOS",
				);
				INFOPLIST_FILE = HueInspired/Info.plist;
				LD_RUNPATH_SEARCH_PATHS = "$(inherited) @executable_path/Frameworks";
				PRODUCT_BUNDLE_IDENTIFIER = co.uk.ash.HueInspired;
				PRODUCT_NAME = "$(TARGET_NAME)";
				SWIFT_VERSION = 3.0;
			};
			name = Release;
		};
		08C617D41E15B55E00A3ABDD /* Debug */ = {
			isa = XCBuildConfiguration;
			buildSettings = {
				ALWAYS_EMBED_SWIFT_STANDARD_LIBRARIES = YES;
				BUNDLE_LOADER = "$(TEST_HOST)";
				DEVELOPMENT_TEAM = XHVABPF675;
				FRAMEWORK_SEARCH_PATHS = (
					"$(inherited)",
					"$(PROJECT_DIR)/HueInspired/Carthage/Build/iOS",
					"$(PROJECT_DIR)/Carthage/Build/iOS",
				);
				INFOPLIST_FILE = HueInspiredTests/Info.plist;
				LD_RUNPATH_SEARCH_PATHS = "$(inherited) @executable_path/Frameworks @loader_path/Frameworks";
				PRODUCT_BUNDLE_IDENTIFIER = co.uk.ash.HueInspiredTests;
				PRODUCT_NAME = "$(TARGET_NAME)";
				SWIFT_VERSION = 3.0;
				TEST_HOST = "$(BUILT_PRODUCTS_DIR)/HueInspired.app/HueInspired";
			};
			name = Debug;
		};
		08C617D51E15B55E00A3ABDD /* Release */ = {
			isa = XCBuildConfiguration;
			buildSettings = {
				ALWAYS_EMBED_SWIFT_STANDARD_LIBRARIES = YES;
				BUNDLE_LOADER = "$(TEST_HOST)";
				DEVELOPMENT_TEAM = XHVABPF675;
				FRAMEWORK_SEARCH_PATHS = (
					"$(inherited)",
					"$(PROJECT_DIR)/HueInspired/Carthage/Build/iOS",
					"$(PROJECT_DIR)/Carthage/Build/iOS",
				);
				INFOPLIST_FILE = HueInspiredTests/Info.plist;
				LD_RUNPATH_SEARCH_PATHS = "$(inherited) @executable_path/Frameworks @loader_path/Frameworks";
				PRODUCT_BUNDLE_IDENTIFIER = co.uk.ash.HueInspiredTests;
				PRODUCT_NAME = "$(TARGET_NAME)";
				SWIFT_VERSION = 3.0;
				TEST_HOST = "$(BUILT_PRODUCTS_DIR)/HueInspired.app/HueInspired";
			};
			name = Release;
		};
		08C617D71E15B55E00A3ABDD /* Debug */ = {
			isa = XCBuildConfiguration;
			buildSettings = {
				ALWAYS_EMBED_SWIFT_STANDARD_LIBRARIES = YES;
				DEVELOPMENT_TEAM = XHVABPF675;
				INFOPLIST_FILE = HueInspiredUITests/Info.plist;
				LD_RUNPATH_SEARCH_PATHS = "$(inherited) @executable_path/Frameworks @loader_path/Frameworks";
				PRODUCT_BUNDLE_IDENTIFIER = co.uk.ash.HueInspiredUITests;
				PRODUCT_NAME = "$(TARGET_NAME)";
				SWIFT_VERSION = 3.0;
				TEST_TARGET_NAME = HueInspired;
			};
			name = Debug;
		};
		08C617D81E15B55E00A3ABDD /* Release */ = {
			isa = XCBuildConfiguration;
			buildSettings = {
				ALWAYS_EMBED_SWIFT_STANDARD_LIBRARIES = YES;
				DEVELOPMENT_TEAM = XHVABPF675;
				INFOPLIST_FILE = HueInspiredUITests/Info.plist;
				LD_RUNPATH_SEARCH_PATHS = "$(inherited) @executable_path/Frameworks @loader_path/Frameworks";
				PRODUCT_BUNDLE_IDENTIFIER = co.uk.ash.HueInspiredUITests;
				PRODUCT_NAME = "$(TARGET_NAME)";
				SWIFT_VERSION = 3.0;
				TEST_TARGET_NAME = HueInspired;
			};
			name = Release;
		};
/* End XCBuildConfiguration section */

/* Begin XCConfigurationList section */
		08C617A01E15B55D00A3ABDD /* Build configuration list for PBXProject "HueInspired" */ = {
			isa = XCConfigurationList;
			buildConfigurations = (
				08C617CE1E15B55E00A3ABDD /* Debug */,
				08C617CF1E15B55E00A3ABDD /* Release */,
			);
			defaultConfigurationIsVisible = 0;
			defaultConfigurationName = Release;
		};
		08C617D01E15B55E00A3ABDD /* Build configuration list for PBXNativeTarget "HueInspired" */ = {
			isa = XCConfigurationList;
			buildConfigurations = (
				08C617D11E15B55E00A3ABDD /* Debug */,
				08C617D21E15B55E00A3ABDD /* Release */,
			);
			defaultConfigurationIsVisible = 0;
			defaultConfigurationName = Release;
		};
		08C617D31E15B55E00A3ABDD /* Build configuration list for PBXNativeTarget "HueInspiredTests" */ = {
			isa = XCConfigurationList;
			buildConfigurations = (
				08C617D41E15B55E00A3ABDD /* Debug */,
				08C617D51E15B55E00A3ABDD /* Release */,
			);
			defaultConfigurationIsVisible = 0;
			defaultConfigurationName = Release;
		};
		08C617D61E15B55E00A3ABDD /* Build configuration list for PBXNativeTarget "HueInspiredUITests" */ = {
			isa = XCConfigurationList;
			buildConfigurations = (
				08C617D71E15B55E00A3ABDD /* Debug */,
				08C617D81E15B55E00A3ABDD /* Release */,
			);
			defaultConfigurationIsVisible = 0;
			defaultConfigurationName = Release;
		};
/* End XCConfigurationList section */

/* Begin XCVersionGroup section */
		08C617AF1E15B55D00A3ABDD /* HueInspired.xcdatamodeld */ = {
			isa = XCVersionGroup;
			children = (
				08C617B01E15B55D00A3ABDD /* HueInspired.xcdatamodel */,
			);
			currentVersion = 08C617B01E15B55D00A3ABDD /* HueInspired.xcdatamodel */;
			path = HueInspired.xcdatamodeld;
			sourceTree = "<group>";
			versionGroupType = wrapper.xcdatamodel;
		};
/* End XCVersionGroup section */
	};
	rootObject = 08C6179D1E15B55D00A3ABDD /* Project object */;
}
